
Microsoft Visual Studio Solution File, Format Version 12.00
# Visual Studio 2013
VisualStudioVersion = 12.0.40629.0
MinimumVisualStudioVersion = 10.0.40219.1
Project("{8BC9CEB8-8B4A-11D0-8D11-00A0C91BC942}") = "CocoProject", "CocoProject.vcxproj", "{EDA760B7-4D2D-4698-A29C-133B9BB061D9}"
EndProject
Global
	GlobalSection(SolutionConfigurationPlatforms) = preSolution
		Debug|Win32 = Debug|Win32
		Release|Win32 = Release|Win32
	EndGlobalSection
	GlobalSection(ProjectConfigurationPlatforms) = postSolution
		{EDA760B7-4D2D-4698-A29C-133B9BB061D9}.Debug|Win32.ActiveCfg = Debug|Win32
		{EDA760B7-4D2D-4698-A29C-133B9BB061D9}.Debug|Win32.Build.0 = Debug|Win32
		{EDA760B7-4D2D-4698-A29C-133B9BB061D9}.Release|Win32.ActiveCfg = Release|Win32
		{EDA760B7-4D2D-4698-A29C-133B9BB061D9}.Release|Win32.Build.0 = Release|Win32
	EndGlobalSection
	GlobalSection(SolutionProperties) = preSolution
		HideSolutionNode = FALSE
	EndGlobalSection
EndGlobal
