// !$*UTF8*$!
{
	archiveVersion = 1;
	classes = {
	};
	objectVersion = 46;
	objects = {

/* Begin PBXBuildFile section */
		8C2D0E0C170B062F00A87D40 /* UIKit.framework in Frameworks */ = {isa = PBXBuildFile; fileRef = 8C2D0E0B170B062F00A87D40 /* UIKit.framework */; };
		8C2D0E0E170B062F00A87D40 /* Foundation.framework in Frameworks */ = {isa = PBXBuildFile; fileRef = 8C2D0E0D170B062F00A87D40 /* Foundation.framework */; };
		8C2D0E10170B062F00A87D40 /* CoreGraphics.framework in Frameworks */ = {isa = PBXBuildFile; fileRef = 8C2D0E0F170B062F00A87D40 /* CoreGraphics.framework */; };
		8C2D0E35170B098800A87D40 /* QuartzCore.framework in Frameworks */ = {isa = PBXBuildFile; fileRef = 8C2D0E34170B098800A87D40 /* QuartzCore.framework */; };
		8C2D0E37170B0D8E00A87D40 /* OpenGLES.framework in Frameworks */ = {isa = PBXBuildFile; fileRef = 8C2D0E36170B0D8D00A87D40 /* OpenGLES.framework */; };
		8C2D0EA8170B47A900A87D40 /* libicucore.dylib in Frameworks */ = {isa = PBXBuildFile; fileRef = 8C2D0EA7170B47A900A87D40 /* libicucore.dylib */; };
		8C5C2310170DF115007518B4 /* libz.dylib in Frameworks */ = {isa = PBXBuildFile; fileRef = 8C5C230F170DF115007518B4 /* libz.dylib */; };
		8CCFF8FD172EA62200E3FDAE /* web in Resources */ = {isa = PBXBuildFile; fileRef = 8CCFF8FC172EA62200E3FDAE /* web */; };
		8CCFF93D172EA68200E3FDAE /* Default-568h@2x.png in Resources */ = {isa = PBXBuildFile; fileRef = 8CCFF919172EA68200E3FDAE /* Default-568h@2x.png */; };
		8CCFF93E172EA68200E3FDAE /* Default.png in Resources */ = {isa = PBXBuildFile; fileRef = 8CCFF91A172EA68200E3FDAE /* Default.png */; };
		8CCFF93F172EA68200E3FDAE /* Default@2x.png in Resources */ = {isa = PBXBuildFile; fileRef = 8CCFF91B172EA68200E3FDAE /* Default@2x.png */; };
		8CCFF940172EA68200E3FDAE /* InfoPlist.strings in Resources */ = {isa = PBXBuildFile; fileRef = 8CCFF91F172EA68200E3FDAE /* InfoPlist.strings */; };
		8CCFF946172EA68200E3FDAE /* fxDeviceWrapper.m in Sources */ = {isa = PBXBuildFile; fileRef = 8CCFF92D172EA68200E3FDAE /* fxDeviceWrapper.m */; };
		8CCFF94F172EA68200E3FDAE /* libpng.a in Frameworks */ = {isa = PBXBuildFile; fileRef = 8CCFF93B172EA68200E3FDAE /* libpng.a */; };
		8CCFF950172EA68200E3FDAE /* main.m in Sources */ = {isa = PBXBuildFile; fileRef = 8CCFF93C172EA68200E3FDAE /* main.m */; };
		8CCFF952172EA71500E3FDAE /* libJavaScriptCore.a in Frameworks */ = {isa = PBXBuildFile; fileRef = 8CCFF951172EA71500E3FDAE /* libJavaScriptCore.a */; };
		8CCFF95E172EA8FC00E3FDAE /* fxCRL.cpp in Sources */ = {isa = PBXBuildFile; fileRef = 8CCFF956172EA8FC00E3FDAE /* fxCRL.cpp */; };
/* End PBXBuildFile section */

/* Begin PBXFileReference section */
		8C2D0E08170B062F00A87D40 /* fxCore.app */ = {isa = PBXFileReference; explicitFileType = wrapper.application; includeInIndex = 0; path = fxCore.app; sourceTree = BUILT_PRODUCTS_DIR; };
		8C2D0E0B170B062F00A87D40 /* UIKit.framework */ = {isa = PBXFileReference; lastKnownFileType = wrapper.framework; name = UIKit.framework; path = System/Library/Frameworks/UIKit.framework; sourceTree = SDKROOT; };
		8C2D0E0D170B062F00A87D40 /* Foundation.framework */ = {isa = PBXFileReference; lastKnownFileType = wrapper.framework; name = Foundation.framework; path = System/Library/Frameworks/Foundation.framework; sourceTree = SDKROOT; };
		8C2D0E0F170B062F00A87D40 /* CoreGraphics.framework */ = {isa = PBXFileReference; lastKnownFileType = wrapper.framework; name = CoreGraphics.framework; path = System/Library/Frameworks/CoreGraphics.framework; sourceTree = SDKROOT; };
		8C2D0E34170B098800A87D40 /* QuartzCore.framework */ = {isa = PBXFileReference; lastKnownFileType = wrapper.framework; name = QuartzCore.framework; path = System/Library/Frameworks/QuartzCore.framework; sourceTree = SDKROOT; };
		8C2D0E36170B0D8D00A87D40 /* OpenGLES.framework */ = {isa = PBXFileReference; lastKnownFileType = wrapper.framework; name = OpenGLES.framework; path = System/Library/Frameworks/OpenGLES.framework; sourceTree = SDKROOT; };
		8C2D0EA7170B47A900A87D40 /* libicucore.dylib */ = {isa = PBXFileReference; lastKnownFileType = "compiled.mach-o.dylib"; name = libicucore.dylib; path = usr/lib/libicucore.dylib; sourceTree = SDKROOT; };
		8C5C230F170DF115007518B4 /* libz.dylib */ = {isa = PBXFileReference; lastKnownFileType = "compiled.mach-o.dylib"; name = libz.dylib; path = usr/lib/libz.dylib; sourceTree = SDKROOT; };
		8C943B9C1746379500C4FDDE /* fxArrayBuffer.h */ = {isa = PBXFileReference; fileEncoding = 4; lastKnownFileType = sourcecode.c.h; path = fxArrayBuffer.h; sourceTree = "<group>"; };
		8CCC9C6C1732E6E1009A19DA /* fxAsset.h */ = {isa = PBXFileReference; lastKnownFileType = sourcecode.c.h; path = fxAsset.h; sourceTree = "<group>"; };
		8CCFF8FC172EA62200E3FDAE /* web */ = {isa = PBXFileReference; lastKnownFileType = folder; name = web; path = ../web; sourceTree = "<group>"; };
		8CCFF919172EA68200E3FDAE /* Default-568h@2x.png */ = {isa = PBXFileReference; lastKnownFileType = image.png; path = "Default-568h@2x.png"; sourceTree = "<group>"; };
		8CCFF91A172EA68200E3FDAE /* Default.png */ = {isa = PBXFileReference; lastKnownFileType = image.png; path = Default.png; sourceTree = "<group>"; };
		8CCFF91B172EA68200E3FDAE /* Default@2x.png */ = {isa = PBXFileReference; lastKnownFileType = image.png; path = "Default@2x.png"; sourceTree = "<group>"; };
		8CCFF920172EA68200E3FDAE /* en */ = {isa = PBXFileReference; lastKnownFileType = text.plist.strings; name = en; path = en.lproj/InfoPlist.strings; sourceTree = "<group>"; };
		8CCFF921172EA68200E3FDAE /* fxCore-Info.plist */ = {isa = PBXFileReference; fileEncoding = 4; lastKnownFileType = text.plist.xml; path = "fxCore-Info.plist"; sourceTree = "<group>"; };
		8CCFF922172EA68200E3FDAE /* fxCore-Prefix.pch */ = {isa = PBXFileReference; fileEncoding = 4; lastKnownFileType = sourcecode.c.h; path = "fxCore-Prefix.pch"; sourceTree = "<group>"; };
		8CCFF92C172EA68200E3FDAE /* fxDeviceWrapper.h */ = {isa = PBXFileReference; fileEncoding = 4; lastKnownFileType = sourcecode.c.h; path = fxDeviceWrapper.h; sourceTree = "<group>"; };
		8CCFF92D172EA68200E3FDAE /* fxDeviceWrapper.m */ = {isa = PBXFileReference; fileEncoding = 4; lastKnownFileType = sourcecode.c.objc; path = fxDeviceWrapper.m; sourceTree = "<group>"; };
		8CCFF92E172EA68200E3FDAE /* fxGLWrap.h */ = {isa = PBXFileReference; fileEncoding = 4; lastKnownFileType = sourcecode.c.h; path = fxGLWrap.h; sourceTree = "<group>"; };
		8CCFF93B172EA68200E3FDAE /* libpng.a */ = {isa = PBXFileReference; lastKnownFileType = archive.ar; path = libpng.a; sourceTree = "<group>"; };
		8CCFF93C172EA68200E3FDAE /* main.m */ = {isa = PBXFileReference; fileEncoding = 4; lastKnownFileType = sourcecode.c.objc; path = main.m; sourceTree = "<group>"; };
		8CCFF951172EA71500E3FDAE /* libJavaScriptCore.a */ = {isa = PBXFileReference; lastKnownFileType = archive.ar; path = libJavaScriptCore.a; sourceTree = "<group>"; };
		8CCFF954172EA8FC00E3FDAE /* Defines.h */ = {isa = PBXFileReference; fileEncoding = 4; lastKnownFileType = sourcecode.c.h; path = Defines.h; sourceTree = "<group>"; };
		8CCFF956172EA8FC00E3FDAE /* fxCRL.cpp */ = {isa = PBXFileReference; fileEncoding = 4; lastKnownFileType = sourcecode.cpp.cpp; path = fxCRL.cpp; sourceTree = "<group>"; };
		8CCFF957172EA8FC00E3FDAE /* fxCRL.h */ = {isa = PBXFileReference; fileEncoding = 4; lastKnownFileType = sourcecode.c.h; path = fxCRL.h; sourceTree = "<group>"; };
/* End PBXFileReference section */

/* Begin PBXFrameworksBuildPhase section */
		8C2D0E05170B062F00A87D40 /* Frameworks */ = {
			isa = PBXFrameworksBuildPhase;
			buildActionMask = 2147483647;
			files = (
				8CCFF952172EA71500E3FDAE /* libJavaScriptCore.a in Frameworks */,
				8C5C2310170DF115007518B4 /* libz.dylib in Frameworks */,
				8C2D0EA8170B47A900A87D40 /* libicucore.dylib in Frameworks */,
				8C2D0E37170B0D8E00A87D40 /* OpenGLES.framework in Frameworks */,
				8C2D0E35170B098800A87D40 /* QuartzCore.framework in Frameworks */,
				8C2D0E0C170B062F00A87D40 /* UIKit.framework in Frameworks */,
				8C2D0E0E170B062F00A87D40 /* Foundation.framework in Frameworks */,
				8C2D0E10170B062F00A87D40 /* CoreGraphics.framework in Frameworks */,
				8CCFF94F172EA68200E3FDAE /* libpng.a in Frameworks */,
			);
			runOnlyForDeploymentPostprocessing = 0;
		};
/* End PBXFrameworksBuildPhase section */

/* Begin PBXGroup section */
		8C2D0DFF170B062F00A87D40 = {
			isa = PBXGroup;
			children = (
				8CCFF8FC172EA62200E3FDAE /* web */,
				8C2D0E0A170B062F00A87D40 /* Frameworks */,
				8C2D0E09170B062F00A87D40 /* Products */,
				8CCFF953172EA8FC00E3FDAE /* CRL */,
				8CCFF918172EA68200E3FDAE /* iOS */,
			);
			sourceTree = "<group>";
		};
		8C2D0E09170B062F00A87D40 /* Products */ = {
			isa = PBXGroup;
			children = (
				8C2D0E08170B062F00A87D40 /* fxCore.app */,
			);
			name = Products;
			sourceTree = "<group>";
		};
		8C2D0E0A170B062F00A87D40 /* Frameworks */ = {
			isa = PBXGroup;
			children = (
				8CCFF951172EA71500E3FDAE /* libJavaScriptCore.a */,
				8CCFF93B172EA68200E3FDAE /* libpng.a */,
				8C5C230F170DF115007518B4 /* libz.dylib */,
				8C2D0EA7170B47A900A87D40 /* libicucore.dylib */,
				8C2D0E36170B0D8D00A87D40 /* OpenGLES.framework */,
				8C2D0E34170B098800A87D40 /* QuartzCore.framework */,
				8C2D0E0B170B062F00A87D40 /* UIKit.framework */,
				8C2D0E0D170B062F00A87D40 /* Foundation.framework */,
				8C2D0E0F170B062F00A87D40 /* CoreGraphics.framework */,
			);
			name = Frameworks;
			sourceTree = "<group>";
		};
		8CCFF918172EA68200E3FDAE /* iOS */ = {
			isa = PBXGroup;
			children = (
				8CCC9C6C1732E6E1009A19DA /* fxAsset.h */,
				8CCFF919172EA68200E3FDAE /* Default-568h@2x.png */,
				8CCFF91A172EA68200E3FDAE /* Default.png */,
				8CCFF91B172EA68200E3FDAE /* Default@2x.png */,
				8CCFF91F172EA68200E3FDAE /* InfoPlist.strings */,
				8CCFF921172EA68200E3FDAE /* fxCore-Info.plist */,
				8CCFF922172EA68200E3FDAE /* fxCore-Prefix.pch */,
				8CCFF92C172EA68200E3FDAE /* fxDeviceWrapper.h */,
				8CCFF92D172EA68200E3FDAE /* fxDeviceWrapper.m */,
				8CCFF92E172EA68200E3FDAE /* fxGLWrap.h */,
				8CCFF93C172EA68200E3FDAE /* main.m */,
			);
			name = iOS;
			sourceTree = "<group>";
		};
		8CCFF953172EA8FC00E3FDAE /* CRL */ = {
			isa = PBXGroup;
			children = (
				8C943B9C1746379500C4FDDE /* fxArrayBuffer.h */,
				8CCFF954172EA8FC00E3FDAE /* Defines.h */,
				8CCFF956172EA8FC00E3FDAE /* fxCRL.cpp */,
				8CCFF957172EA8FC00E3FDAE /* fxCRL.h */,
			);
			name = CRL;
			path = ../CRL;
			sourceTree = "<group>";
		};
/* End PBXGroup section */

/* Begin PBXNativeTarget section */
		8C2D0E07170B062F00A87D40 /* fxCore */ = {
			isa = PBXNativeTarget;
			buildConfigurationList = 8C2D0E25170B063000A87D40 /* Build configuration list for PBXNativeTarget "fxCore" */;
			buildPhases = (
				8C2D0E04170B062F00A87D40 /* Sources */,
				8C2D0E05170B062F00A87D40 /* Frameworks */,
				8C2D0E06170B062F00A87D40 /* Resources */,
			);
			buildRules = (
			);
			dependencies = (
			);
			name = fxCore;
			productName = fxCoreYiamiYo;
			productReference = 8C2D0E08170B062F00A87D40 /* fxCore.app */;
			productType = "com.apple.product-type.application";
		};
/* End PBXNativeTarget section */

/* Begin PBXProject section */
		8C2D0E00170B062F00A87D40 /* Project object */ = {
			isa = PBXProject;
			attributes = {
				LastUpgradeCheck = 0460;
				ORGANIZATIONNAME = mobileFX;
			};
			buildConfigurationList = 8C2D0E03170B062F00A87D40 /* Build configuration list for PBXProject "fxCore" */;
			compatibilityVersion = "Xcode 3.2";
			developmentRegion = English;
			hasScannedForEncodings = 0;
			knownRegions = (
				en,
			);
			mainGroup = 8C2D0DFF170B062F00A87D40;
			productRefGroup = 8C2D0E09170B062F00A87D40 /* Products */;
			projectDirPath = "";
			projectRoot = "";
			targets = (
				8C2D0E07170B062F00A87D40 /* fxCore */,
			);
		};
/* End PBXProject section */

/* Begin PBXResourcesBuildPhase section */
		8C2D0E06170B062F00A87D40 /* Resources */ = {
			isa = PBXResourcesBuildPhase;
			buildActionMask = 2147483647;
			files = (
				8CCFF8FD172EA62200E3FDAE /* web in Resources */,
				8CCFF93D172EA68200E3FDAE /* Default-568h@2x.png in Resources */,
				8CCFF93E172EA68200E3FDAE /* Default.png in Resources */,
				8CCFF93F172EA68200E3FDAE /* Default@2x.png in Resources */,
				8CCFF940172EA68200E3FDAE /* InfoPlist.strings in Resources */,
			);
			runOnlyForDeploymentPostprocessing = 0;
		};
/* End PBXResourcesBuildPhase section */

/* Begin PBXSourcesBuildPhase section */
		8C2D0E04170B062F00A87D40 /* Sources */ = {
			isa = PBXSourcesBuildPhase;
			buildActionMask = 2147483647;
			files = (
				8CCFF946172EA68200E3FDAE /* fxDeviceWrapper.m in Sources */,
				8CCFF950172EA68200E3FDAE /* main.m in Sources */,
				8CCFF95E172EA8FC00E3FDAE /* fxCRL.cpp in Sources */,
			);
			runOnlyForDeploymentPostprocessing = 0;
		};
/* End PBXSourcesBuildPhase section */

/* Begin PBXVariantGroup section */
		8CCFF91F172EA68200E3FDAE /* InfoPlist.strings */ = {
			isa = PBXVariantGroup;
			children = (
				8CCFF920172EA68200E3FDAE /* en */,
			);
			name = InfoPlist.strings;
			sourceTree = "<group>";
		};
/* End PBXVariantGroup section */

/* Begin XCBuildConfiguration section */
		8C2D0E23170B063000A87D40 /* Debug */ = {
			isa = XCBuildConfiguration;
			buildSettings = {
				ALWAYS_SEARCH_USER_PATHS = NO;
				CLANG_CXX_LANGUAGE_STANDARD = "gnu++0x";
				CLANG_CXX_LIBRARY = "libc++";
				CLANG_WARN_CONSTANT_CONVERSION = YES;
				CLANG_WARN_EMPTY_BODY = YES;
				CLANG_WARN_ENUM_CONVERSION = YES;
				CLANG_WARN_INT_CONVERSION = YES;
				CLANG_WARN__DUPLICATE_METHOD_MATCH = YES;
				"CODE_SIGN_IDENTITY[sdk=iphoneos*]" = "iPhone Developer";
				COPY_PHASE_STRIP = NO;
				GCC_C_LANGUAGE_STANDARD = gnu99;
				GCC_DYNAMIC_NO_PIC = NO;
				GCC_ENABLE_FLOATING_POINT_LIBRARY_CALLS = YES;
				GCC_INPUT_FILETYPE = sourcecode.cpp.objcpp;
				GCC_OPTIMIZATION_LEVEL = 0;
				GCC_PREPROCESSOR_DEFINITIONS = (
					"DEBUG=1",
					"$(inherited)",
				);
				GCC_SYMBOLS_PRIVATE_EXTERN = NO;
				GCC_THREADSAFE_STATICS = NO;
				GCC_USE_REGISTER_FUNCTION_CALLS = YES;
				GCC_WARN_ABOUT_RETURN_TYPE = YES;
				GCC_WARN_UNINITIALIZED_AUTOS = YES;
				GCC_WARN_UNUSED_VALUE = NO;
				GCC_WARN_UNUSED_VARIABLE = NO;
				HEADER_SEARCH_PATHS = .;
				IPHONEOS_DEPLOYMENT_TARGET = 5.0;
				ONLY_ACTIVE_ARCH = YES;
				OTHER_CFLAGS = (
					"-DFXJSTARGET_JSC",
					"-DFXOSTARGET_IOS",
				);
				SDKROOT = iphoneos;
				TARGETED_DEVICE_FAMILY = "1,2";
				USER_HEADER_SEARCH_PATHS = .;
				VALID_ARCHS = armv7;
			};
			name = Debug;
		};
		8C2D0E24170B063000A87D40 /* Release */ = {
			isa = XCBuildConfiguration;
			buildSettings = {
				ALWAYS_SEARCH_USER_PATHS = NO;
				CLANG_CXX_LANGUAGE_STANDARD = "gnu++0x";
				CLANG_CXX_LIBRARY = "libc++";
				CLANG_WARN_CONSTANT_CONVERSION = YES;
				CLANG_WARN_EMPTY_BODY = YES;
				CLANG_WARN_ENUM_CONVERSION = YES;
				CLANG_WARN_INT_CONVERSION = YES;
				CLANG_WARN__DUPLICATE_METHOD_MATCH = YES;
				"CODE_SIGN_IDENTITY[sdk=iphoneos*]" = "iPhone Developer";
				COPY_PHASE_STRIP = YES;
				GCC_C_LANGUAGE_STANDARD = gnu99;
				GCC_ENABLE_FLOATING_POINT_LIBRARY_CALLS = YES;
				GCC_GENERATE_DEBUGGING_SYMBOLS = NO;
				GCC_INPUT_FILETYPE = sourcecode.cpp.objcpp;
				GCC_THREADSAFE_STATICS = NO;
				GCC_USE_REGISTER_FUNCTION_CALLS = YES;
				GCC_WARN_ABOUT_RETURN_TYPE = YES;
				GCC_WARN_UNINITIALIZED_AUTOS = YES;
				GCC_WARN_UNUSED_VARIABLE = YES;
				HEADER_SEARCH_PATHS = .;
				IPHONEOS_DEPLOYMENT_TARGET = 5.0;
				ONLY_ACTIVE_ARCH = YES;
				OTHER_CFLAGS = (
					"-DNS_BLOCK_ASSERTIONS=1",
					"-DFXJSTARGET_JSC",
					"-DFXOSTARGET_IOS",
				);
				SDKROOT = iphoneos;
				TARGETED_DEVICE_FAMILY = "1,2";
				USER_HEADER_SEARCH_PATHS = .;
				VALIDATE_PRODUCT = YES;
				VALID_ARCHS = armv7;
			};
			name = Release;
		};
		8C2D0E26170B063000A87D40 /* Debug */ = {
			isa = XCBuildConfiguration;
			buildSettings = {
				GCC_PRECOMPILE_PREFIX_HEADER = YES;
				GCC_PREFIX_HEADER = "fxCore-Prefix.pch";
				HEADER_SEARCH_PATHS = (
					.,
					../Include,
					../Include/png,
				);
				INFOPLIST_FILE = "fxCore-Info.plist";
				LIBRARY_SEARCH_PATHS = "\"$(SRCROOT)\"";
				OTHER_CFLAGS = (
					"-DJAVASCRIPT_ENGINE_APPLE",
					"-DIOS_APPLICATION",
					"-DENABLE_FX_DEBUG",
				);
				PRODUCT_NAME = fxCore;
				USER_HEADER_SEARCH_PATHS = ../CRL;
				WRAPPER_EXTENSION = app;
			};
			name = Debug;
		};
		8C2D0E27170B063000A87D40 /* Release */ = {
			isa = XCBuildConfiguration;
			buildSettings = {
				GCC_PRECOMPILE_PREFIX_HEADER = YES;
				GCC_PREFIX_HEADER = "fxCore-Prefix.pch";
				HEADER_SEARCH_PATHS = (
					.,
					../Include,
					../Include/png,
				);
				INFOPLIST_FILE = "fxCore-Info.plist";
				LIBRARY_SEARCH_PATHS = "\"$(SRCROOT)\"";
				ONLY_ACTIVE_ARCH = YES;
				OTHER_CFLAGS = (
					"-DNS_BLOCK_ASSERTIONS=1",
					"-DJAVASCRIPT_ENGINE_APPLE",
					"-DIOS_APPLICATION",
				);
				PRODUCT_NAME = fxCore;
				USER_HEADER_SEARCH_PATHS = ../CRL;
				WRAPPER_EXTENSION = app;
			};
			name = Release;
		};
/* End XCBuildConfiguration section */

/* Begin XCConfigurationList section */
		8C2D0E03170B062F00A87D40 /* Build configuration list for PBXProject "fxCore" */ = {
			isa = XCConfigurationList;
			buildConfigurations = (
				8C2D0E23170B063000A87D40 /* Debug */,
				8C2D0E24170B063000A87D40 /* Release */,
			);
			defaultConfigurationIsVisible = 0;
			defaultConfigurationName = Release;
		};
		8C2D0E25170B063000A87D40 /* Build configuration list for PBXNativeTarget "fxCore" */ = {
			isa = XCConfigurationList;
			buildConfigurations = (
				8C2D0E26170B063000A87D40 /* Debug */,
				8C2D0E27170B063000A87D40 /* Release */,
			);
			defaultConfigurationIsVisible = 0;
			defaultConfigurationName = Release;
		};
/* End XCConfigurationList section */
	};
	rootObject = 8C2D0E00170B062F00A87D40 /* Project object */;
}
