// !$*UTF8*$!
{
	archiveVersion = 1;
	classes = {
	};
	objectVersion = 46;
	objects = {

/* Begin PBXBuildFile section */
		2C35E75517E9C47300E177E6 /* Default-568h@2x.png in Resources */ = {isa = PBXBuildFile; fileRef = 2C35E74417E9C47300E177E6 /* Default-568h@2x.png */; };
		2C35E75617E9C47300E177E6 /* Default.png in Resources */ = {isa = PBXBuildFile; fileRef = 2C35E74517E9C47300E177E6 /* Default.png */; };
		2C35E75717E9C47300E177E6 /* Default@2x.png in Resources */ = {isa = PBXBuildFile; fileRef = 2C35E74617E9C47300E177E6 /* Default@2x.png */; };
		2C35E75817E9C47300E177E6 /* InfoPlist.strings in Resources */ = {isa = PBXBuildFile; fileRef = 2C35E74717E9C47300E177E6 /* InfoPlist.strings */; };
		2C35E75917E9C47300E177E6 /* fxDeviceWrapper.m in Sources */ = {isa = PBXBuildFile; fileRef = 2C35E74D17E9C47300E177E6 /* fxDeviceWrapper.m */; };
		2C35E75A17E9C47300E177E6 /* fxGLWrap.m in Sources */ = {isa = PBXBuildFile; fileRef = 2C35E75017E9C47300E177E6 /* fxGLWrap.m */; };
		2C35E75B17E9C47300E177E6 /* fxKeyWrap.m in Sources */ = {isa = PBXBuildFile; fileRef = 2C35E75217E9C47300E177E6 /* fxKeyWrap.m */; };
		2C35E75C17E9C47300E177E6 /* main.m in Sources */ = {isa = PBXBuildFile; fileRef = 2C35E75317E9C47300E177E6 /* main.m */; };
		2C35E77A17E9C95400E177E6 /* MediaPlayer.framework in Frameworks */ = {isa = PBXBuildFile; fileRef = 2C35E77917E9C95400E177E6 /* MediaPlayer.framework */; settings = {ATTRIBUTES = (Weak, ); }; };
		2C35E77E17E9C9F800E177E6 /* OpenGLES.framework in Frameworks */ = {isa = PBXBuildFile; fileRef = 2C35E77D17E9C9F800E177E6 /* OpenGLES.framework */; settings = {ATTRIBUTES = (Weak, ); }; };
		2C35E78017E9CA1B00E177E6 /* QuartzCore.framework in Frameworks */ = {isa = PBXBuildFile; fileRef = 2C35E77F17E9CA1B00E177E6 /* QuartzCore.framework */; };
		2C35E78217E9CA4B00E177E6 /* UIKit.framework in Frameworks */ = {isa = PBXBuildFile; fileRef = 2C35E78117E9CA4B00E177E6 /* UIKit.framework */; };
		2C35E78417E9CB3000E177E6 /* fxAudioStream.cpp in Sources */ = {isa = PBXBuildFile; fileRef = 2C35E70717E9C3C700E177E6 /* fxAudioStream.cpp */; };
		2C35E78517E9CB3000E177E6 /* fxCRL.cpp in Sources */ = {isa = PBXBuildFile; fileRef = 2C35E70917E9C3C700E177E6 /* fxCRL.cpp */; };
		2C35E78617E9CB3000E177E6 /* fxFontFace.cpp in Sources */ = {isa = PBXBuildFile; fileRef = 2C35E70B17E9C3C700E177E6 /* fxFontFace.cpp */; };
		2C35E78C17E9CE3800E177E6 /* WebGLRenderingContext.cpp in Sources */ = {isa = PBXBuildFile; fileRef = 2C35E71817E9C3C700E177E6 /* WebGLRenderingContext.cpp */; };
		2C35E79017E9D14100E177E6 /* libJavaScriptCore.a in Frameworks */ = {isa = PBXBuildFile; fileRef = 2C35E78F17E9D14100E177E6 /* libJavaScriptCore.a */; };
		2C35E79217E9D18200E177E6 /* libicucore.dylib in Frameworks */ = {isa = PBXBuildFile; fileRef = 2C35E79117E9D18200E177E6 /* libicucore.dylib */; };
		2C35E79317E9D53A00E177E6 /* ArrayBuffer.cpp in Sources */ = {isa = PBXBuildFile; fileRef = 2C35E70E17E9C3C700E177E6 /* ArrayBuffer.cpp */; };
		2C35E79417E9D57800E177E6 /* ArrayBufferView.cpp in Sources */ = {isa = PBXBuildFile; fileRef = 2C35E71017E9C3C700E177E6 /* ArrayBufferView.cpp */; };
		2C35E79517E9D58000E177E6 /* Audio.cpp in Sources */ = {isa = PBXBuildFile; fileRef = 2C35E71217E9C3C700E177E6 /* Audio.cpp */; };
		2C35E79617E9D58600E177E6 /* DataView.cpp in Sources */ = {isa = PBXBuildFile; fileRef = 2C35E71417E9C3C700E177E6 /* DataView.cpp */; };
		2C35E79717E9D59100E177E6 /* TypedArray.cpp in Sources */ = {isa = PBXBuildFile; fileRef = 2C35E71617E9C3C700E177E6 /* TypedArray.cpp */; };
		2C35E79817E9D59A00E177E6 /* XMLHttpRequest.cpp in Sources */ = {isa = PBXBuildFile; fileRef = 2C35E71A17E9C3C700E177E6 /* XMLHttpRequest.cpp */; };
		2C35E79917E9D5A400E177E6 /* fxFont.cpp in Sources */ = {isa = PBXBuildFile; fileRef = 2C35E71C17E9C3C700E177E6 /* fxFont.cpp */; };
		2C449C3A17E9EDF5007A63EF /* libpng.a in Frameworks */ = {isa = PBXBuildFile; fileRef = 2C449C3917E9EDF5007A63EF /* libpng.a */; settings = {ATTRIBUTES = (Weak, ); }; };
		2C449C3C17E9EE1C007A63EF /* libz.dylib in Frameworks */ = {isa = PBXBuildFile; fileRef = 2C449C3B17E9EE1C007A63EF /* libz.dylib */; settings = {ATTRIBUTES = (Weak, ); }; };
		2C449C3E17E9EFF2007A63EF /* libjpeg.a in Frameworks */ = {isa = PBXBuildFile; fileRef = 2C449C3D17E9EFF2007A63EF /* libjpeg.a */; settings = {ATTRIBUTES = (Weak, ); }; };
		2C449C4017E9F0D9007A63EF /* libcurl.a in Frameworks */ = {isa = PBXBuildFile; fileRef = 2C449C3F17E9F0D9007A63EF /* libcurl.a */; settings = {ATTRIBUTES = (Weak, ); }; };
		2C449C4217E9F13C007A63EF /* OpenAL.framework in Frameworks */ = {isa = PBXBuildFile; fileRef = 2C449C4117E9F13C007A63EF /* OpenAL.framework */; settings = {ATTRIBUTES = (Weak, ); }; };
		2C449C4417E9F172007A63EF /* libTremolo.a in Frameworks */ = {isa = PBXBuildFile; fileRef = 2C449C4317E9F172007A63EF /* libTremolo.a */; settings = {ATTRIBUTES = (Weak, ); }; };
		2C449C4617E9F1A3007A63EF /* libfreetype.a in Frameworks */ = {isa = PBXBuildFile; fileRef = 2C449C4517E9F1A3007A63EF /* libfreetype.a */; settings = {ATTRIBUTES = (Weak, ); }; };
		2C449C4817E9F1B7007A63EF /* libbz2.dylib in Frameworks */ = {isa = PBXBuildFile; fileRef = 2C449C4717E9F1B7007A63EF /* libbz2.dylib */; settings = {ATTRIBUTES = (Weak, ); }; };
		2CA5658B17ED4C0E00013969 /* web in Resources */ = {isa = PBXBuildFile; fileRef = 2CA5658A17ED4C0E00013969 /* web */; };
/* End PBXBuildFile section */

/* Begin PBXFileReference section */
		2C35E70317E9C3C700E177E6 /* Common.h */ = {isa = PBXFileReference; lastKnownFileType = sourcecode.c.h; path = Common.h; sourceTree = "<group>"; };
		2C35E70417E9C3C700E177E6 /* Structs.h */ = {isa = PBXFileReference; lastKnownFileType = sourcecode.c.h; path = Structs.h; sourceTree = "<group>"; };
		2C35E70617E9C3C700E177E6 /* fxArgs.h */ = {isa = PBXFileReference; lastKnownFileType = sourcecode.c.h; path = fxArgs.h; sourceTree = "<group>"; };
		2C35E70717E9C3C700E177E6 /* fxAudioStream.cpp */ = {isa = PBXFileReference; lastKnownFileType = sourcecode.cpp.cpp; path = fxAudioStream.cpp; sourceTree = "<group>"; };
		2C35E70817E9C3C700E177E6 /* fxAudioStream.h */ = {isa = PBXFileReference; lastKnownFileType = sourcecode.c.h; path = fxAudioStream.h; sourceTree = "<group>"; };
		2C35E70917E9C3C700E177E6 /* fxCRL.cpp */ = {isa = PBXFileReference; lastKnownFileType = sourcecode.cpp.cpp; path = fxCRL.cpp; sourceTree = "<group>"; };
		2C35E70A17E9C3C700E177E6 /* fxCRL.h */ = {isa = PBXFileReference; lastKnownFileType = sourcecode.c.h; path = fxCRL.h; sourceTree = "<group>"; };
		2C35E70B17E9C3C700E177E6 /* fxFontFace.cpp */ = {isa = PBXFileReference; lastKnownFileType = sourcecode.cpp.cpp; path = fxFontFace.cpp; sourceTree = "<group>"; };
		2C35E70C17E9C3C700E177E6 /* fxFontFace.h */ = {isa = PBXFileReference; lastKnownFileType = sourcecode.c.h; path = fxFontFace.h; sourceTree = "<group>"; };
		2C35E70E17E9C3C700E177E6 /* ArrayBuffer.cpp */ = {isa = PBXFileReference; lastKnownFileType = sourcecode.cpp.cpp; path = ArrayBuffer.cpp; sourceTree = "<group>"; };
		2C35E70F17E9C3C700E177E6 /* ArrayBuffer.h */ = {isa = PBXFileReference; lastKnownFileType = sourcecode.c.h; path = ArrayBuffer.h; sourceTree = "<group>"; };
		2C35E71017E9C3C700E177E6 /* ArrayBufferView.cpp */ = {isa = PBXFileReference; lastKnownFileType = sourcecode.cpp.cpp; path = ArrayBufferView.cpp; sourceTree = "<group>"; };
		2C35E71117E9C3C700E177E6 /* ArrayBufferView.h */ = {isa = PBXFileReference; lastKnownFileType = sourcecode.c.h; path = ArrayBufferView.h; sourceTree = "<group>"; };
		2C35E71217E9C3C700E177E6 /* Audio.cpp */ = {isa = PBXFileReference; lastKnownFileType = sourcecode.cpp.cpp; path = Audio.cpp; sourceTree = "<group>"; };
		2C35E71317E9C3C700E177E6 /* Audio.h */ = {isa = PBXFileReference; lastKnownFileType = sourcecode.c.h; path = Audio.h; sourceTree = "<group>"; };
		2C35E71417E9C3C700E177E6 /* DataView.cpp */ = {isa = PBXFileReference; lastKnownFileType = sourcecode.cpp.cpp; path = DataView.cpp; sourceTree = "<group>"; };
		2C35E71517E9C3C700E177E6 /* DataView.h */ = {isa = PBXFileReference; lastKnownFileType = sourcecode.c.h; path = DataView.h; sourceTree = "<group>"; };
		2C35E71617E9C3C700E177E6 /* TypedArray.cpp */ = {isa = PBXFileReference; lastKnownFileType = sourcecode.cpp.cpp; path = TypedArray.cpp; sourceTree = "<group>"; };
		2C35E71717E9C3C700E177E6 /* TypedArray.h */ = {isa = PBXFileReference; lastKnownFileType = sourcecode.c.h; path = TypedArray.h; sourceTree = "<group>"; };
		2C35E71817E9C3C700E177E6 /* WebGLRenderingContext.cpp */ = {isa = PBXFileReference; lastKnownFileType = sourcecode.cpp.cpp; path = WebGLRenderingContext.cpp; sourceTree = "<group>"; };
		2C35E71917E9C3C700E177E6 /* WebGLRenderingContext.h */ = {isa = PBXFileReference; lastKnownFileType = sourcecode.c.h; path = WebGLRenderingContext.h; sourceTree = "<group>"; };
		2C35E71A17E9C3C700E177E6 /* XMLHttpRequest.cpp */ = {isa = PBXFileReference; lastKnownFileType = sourcecode.cpp.cpp; path = XMLHttpRequest.cpp; sourceTree = "<group>"; };
		2C35E71B17E9C3C700E177E6 /* XMLHttpRequest.h */ = {isa = PBXFileReference; lastKnownFileType = sourcecode.c.h; path = XMLHttpRequest.h; sourceTree = "<group>"; };
		2C35E71C17E9C3C700E177E6 /* fxFont.cpp */ = {isa = PBXFileReference; lastKnownFileType = sourcecode.cpp.cpp; path = fxFont.cpp; sourceTree = "<group>"; };
		2C35E71D17E9C3C700E177E6 /* fxFont.h */ = {isa = PBXFileReference; lastKnownFileType = sourcecode.c.h; path = fxFont.h; sourceTree = "<group>"; };
		2C35E74217E9C47300E177E6 /* CocoEngine-Info.plist */ = {isa = PBXFileReference; fileEncoding = 4; lastKnownFileType = text.plist.xml; path = "CocoEngine-Info.plist"; sourceTree = "<group>"; };
		2C35E74317E9C47300E177E6 /* CocoEngine-Prefix.pch */ = {isa = PBXFileReference; fileEncoding = 4; lastKnownFileType = sourcecode.c.h; path = "CocoEngine-Prefix.pch"; sourceTree = "<group>"; };
		2C35E74417E9C47300E177E6 /* Default-568h@2x.png */ = {isa = PBXFileReference; lastKnownFileType = image.png; path = "Default-568h@2x.png"; sourceTree = "<group>"; };
		2C35E74517E9C47300E177E6 /* Default.png */ = {isa = PBXFileReference; lastKnownFileType = image.png; path = Default.png; sourceTree = "<group>"; };
		2C35E74617E9C47300E177E6 /* Default@2x.png */ = {isa = PBXFileReference; lastKnownFileType = image.png; path = "Default@2x.png"; sourceTree = "<group>"; };
		2C35E74817E9C47300E177E6 /* en */ = {isa = PBXFileReference; lastKnownFileType = text.plist.strings; name = en; path = en.lproj/InfoPlist.strings; sourceTree = "<group>"; };
		2C35E74C17E9C47300E177E6 /* fxDeviceWrapper.h */ = {isa = PBXFileReference; fileEncoding = 4; lastKnownFileType = sourcecode.c.h; path = fxDeviceWrapper.h; sourceTree = "<group>"; };
		2C35E74D17E9C47300E177E6 /* fxDeviceWrapper.m */ = {isa = PBXFileReference; fileEncoding = 4; lastKnownFileType = sourcecode.c.objc; path = fxDeviceWrapper.m; sourceTree = "<group>"; };
		2C35E74E17E9C47300E177E6 /* fxFile.h */ = {isa = PBXFileReference; fileEncoding = 4; lastKnownFileType = sourcecode.c.h; path = fxFile.h; sourceTree = "<group>"; };
		2C35E74F17E9C47300E177E6 /* fxGLWrap.h */ = {isa = PBXFileReference; fileEncoding = 4; lastKnownFileType = sourcecode.c.h; path = fxGLWrap.h; sourceTree = "<group>"; };
		2C35E75017E9C47300E177E6 /* fxGLWrap.m */ = {isa = PBXFileReference; fileEncoding = 4; lastKnownFileType = sourcecode.c.objc; path = fxGLWrap.m; sourceTree = "<group>"; };
		2C35E75117E9C47300E177E6 /* fxKeyWrap.h */ = {isa = PBXFileReference; fileEncoding = 4; lastKnownFileType = sourcecode.c.h; path = fxKeyWrap.h; sourceTree = "<group>"; };
		2C35E75217E9C47300E177E6 /* fxKeyWrap.m */ = {isa = PBXFileReference; fileEncoding = 4; lastKnownFileType = sourcecode.c.objc; path = fxKeyWrap.m; sourceTree = "<group>"; };
		2C35E75317E9C47300E177E6 /* main.m */ = {isa = PBXFileReference; fileEncoding = 4; lastKnownFileType = sourcecode.c.objc; path = main.m; sourceTree = "<group>"; };
		2C35E77917E9C95400E177E6 /* MediaPlayer.framework */ = {isa = PBXFileReference; lastKnownFileType = wrapper.framework; name = MediaPlayer.framework; path = Platforms/iPhoneOS.platform/Developer/SDKs/iPhoneOS6.1.sdk/System/Library/Frameworks/MediaPlayer.framework; sourceTree = DEVELOPER_DIR; };
		2C35E77B17E9C9DB00E177E6 /* CoreGraphics.framework */ = {isa = PBXFileReference; lastKnownFileType = wrapper.framework; name = CoreGraphics.framework; path = Platforms/iPhoneOS.platform/Developer/SDKs/iPhoneOS6.1.sdk/System/Library/Frameworks/CoreGraphics.framework; sourceTree = DEVELOPER_DIR; };
		2C35E77D17E9C9F800E177E6 /* OpenGLES.framework */ = {isa = PBXFileReference; lastKnownFileType = wrapper.framework; name = OpenGLES.framework; path = Platforms/iPhoneOS.platform/Developer/SDKs/iPhoneOS6.1.sdk/System/Library/Frameworks/OpenGLES.framework; sourceTree = DEVELOPER_DIR; };
		2C35E77F17E9CA1B00E177E6 /* QuartzCore.framework */ = {isa = PBXFileReference; lastKnownFileType = wrapper.framework; name = QuartzCore.framework; path = Platforms/iPhoneOS.platform/Developer/SDKs/iPhoneOS6.1.sdk/System/Library/Frameworks/QuartzCore.framework; sourceTree = DEVELOPER_DIR; };
		2C35E78117E9CA4B00E177E6 /* UIKit.framework */ = {isa = PBXFileReference; lastKnownFileType = wrapper.framework; name = UIKit.framework; path = Platforms/iPhoneOS.platform/Developer/SDKs/iPhoneOS6.1.sdk/System/Library/Frameworks/UIKit.framework; sourceTree = DEVELOPER_DIR; };
		2C35E78F17E9D14100E177E6 /* libJavaScriptCore.a */ = {isa = PBXFileReference; lastKnownFileType = archive.ar; name = libJavaScriptCore.a; path = ../../Libraries/iOS/libJavaScriptCore.a; sourceTree = "<group>"; };
		2C35E79117E9D18200E177E6 /* libicucore.dylib */ = {isa = PBXFileReference; lastKnownFileType = "compiled.mach-o.dylib"; name = libicucore.dylib; path = Platforms/iPhoneOS.platform/Developer/SDKs/iPhoneOS6.1.sdk/usr/lib/libicucore.dylib; sourceTree = DEVELOPER_DIR; };
		2C449C3617E9EBC9007A63EF /* CocoEngine.app */ = {isa = PBXFileReference; explicitFileType = wrapper.application; includeInIndex = 0; name = CocoEngine.app; path = "/Volumes/Heaven/Dev/mobileFX/Coconut2D/native/iOS/bin/Debug-iphoneos/CocoEngine.app"; sourceTree = "<absolute>"; };
		2C449C3917E9EDF5007A63EF /* libpng.a */ = {isa = PBXFileReference; lastKnownFileType = archive.ar; name = libpng.a; path = ../../Libraries/iOS/libpng.a; sourceTree = "<group>"; };
		2C449C3B17E9EE1C007A63EF /* libz.dylib */ = {isa = PBXFileReference; lastKnownFileType = "compiled.mach-o.dylib"; name = libz.dylib; path = Platforms/iPhoneOS.platform/Developer/SDKs/iPhoneOS6.1.sdk/usr/lib/libz.dylib; sourceTree = DEVELOPER_DIR; };
		2C449C3D17E9EFF2007A63EF /* libjpeg.a */ = {isa = PBXFileReference; lastKnownFileType = archive.ar; name = libjpeg.a; path = ../../Libraries/iOS/libjpeg.a; sourceTree = "<group>"; };
		2C449C3F17E9F0D9007A63EF /* libcurl.a */ = {isa = PBXFileReference; lastKnownFileType = archive.ar; name = libcurl.a; path = ../../Libraries/iOS/libcurl.a; sourceTree = "<group>"; };
		2C449C4117E9F13C007A63EF /* OpenAL.framework */ = {isa = PBXFileReference; lastKnownFileType = wrapper.framework; name = OpenAL.framework; path = Platforms/iPhoneOS.platform/Developer/SDKs/iPhoneOS6.1.sdk/System/Library/Frameworks/OpenAL.framework; sourceTree = DEVELOPER_DIR; };
		2C449C4317E9F172007A63EF /* libTremolo.a */ = {isa = PBXFileReference; lastKnownFileType = archive.ar; name = libTremolo.a; path = ../../Libraries/iOS/libTremolo.a; sourceTree = "<group>"; };
		2C449C4517E9F1A3007A63EF /* libfreetype.a */ = {isa = PBXFileReference; lastKnownFileType = archive.ar; name = libfreetype.a; path = ../../Libraries/iOS/libfreetype.a; sourceTree = "<group>"; };
		2C449C4717E9F1B7007A63EF /* libbz2.dylib */ = {isa = PBXFileReference; lastKnownFileType = "compiled.mach-o.dylib"; name = libbz2.dylib; path = Platforms/iPhoneOS.platform/Developer/SDKs/iPhoneOS6.1.sdk/usr/lib/libbz2.dylib; sourceTree = DEVELOPER_DIR; };
		2CA5658A17ED4C0E00013969 /* web */ = {isa = PBXFileReference; lastKnownFileType = folder; name = web; path = ../../web; sourceTree = "<group>"; };
/* End PBXFileReference section */

/* Begin PBXFrameworksBuildPhase section */
		2C35E71F17E9C41200E177E6 /* Frameworks */ = {
			isa = PBXFrameworksBuildPhase;
			buildActionMask = 2147483647;
			files = (
				2C449C4817E9F1B7007A63EF /* libbz2.dylib in Frameworks */,
				2C449C4617E9F1A3007A63EF /* libfreetype.a in Frameworks */,
				2C449C4417E9F172007A63EF /* libTremolo.a in Frameworks */,
				2C449C4217E9F13C007A63EF /* OpenAL.framework in Frameworks */,
				2C449C4017E9F0D9007A63EF /* libcurl.a in Frameworks */,
				2C449C3E17E9EFF2007A63EF /* libjpeg.a in Frameworks */,
				2C449C3C17E9EE1C007A63EF /* libz.dylib in Frameworks */,
				2C449C3A17E9EDF5007A63EF /* libpng.a in Frameworks */,
				2C35E79217E9D18200E177E6 /* libicucore.dylib in Frameworks */,
				2C35E79017E9D14100E177E6 /* libJavaScriptCore.a in Frameworks */,
				2C35E77E17E9C9F800E177E6 /* OpenGLES.framework in Frameworks */,
				2C35E77A17E9C95400E177E6 /* MediaPlayer.framework in Frameworks */,
				2C35E78217E9CA4B00E177E6 /* UIKit.framework in Frameworks */,
				2C35E78017E9CA1B00E177E6 /* QuartzCore.framework in Frameworks */,
			);
			runOnlyForDeploymentPostprocessing = 0;
		};
/* End PBXFrameworksBuildPhase section */

/* Begin PBXGroup section */
		2C35E6EF17E9C39100E177E6 = {
			isa = PBXGroup;
			children = (
				2CA5658A17ED4C0E00013969 /* web */,
				2C35E74017E9C47300E177E6 /* iOS */,
				2C35E70217E9C3C700E177E6 /* Common */,
				2C35E72417E9C41200E177E6 /* Frameworks */,
			);
			sourceTree = "<group>";
			usesTabs = 1;
		};
		2C35E70217E9C3C700E177E6 /* Common */ = {
			isa = PBXGroup;
			children = (
				2C35E70317E9C3C700E177E6 /* Common.h */,
				2C35E70417E9C3C700E177E6 /* Structs.h */,
				2C35E70617E9C3C700E177E6 /* fxArgs.h */,
				2C35E70717E9C3C700E177E6 /* fxAudioStream.cpp */,
				2C35E70817E9C3C700E177E6 /* fxAudioStream.h */,
				2C35E70917E9C3C700E177E6 /* fxCRL.cpp */,
				2C35E70A17E9C3C700E177E6 /* fxCRL.h */,
				2C35E70B17E9C3C700E177E6 /* fxFontFace.cpp */,
				2C35E70C17E9C3C700E177E6 /* fxFontFace.h */,
				2C35E70D17E9C3C700E177E6 /* fxJS */,
			);
			name = Common;
			path = ../Common;
			sourceTree = "<group>";
		};
		2C35E70D17E9C3C700E177E6 /* fxJS */ = {
			isa = PBXGroup;
			children = (
				2C35E70E17E9C3C700E177E6 /* ArrayBuffer.cpp */,
				2C35E70F17E9C3C700E177E6 /* ArrayBuffer.h */,
				2C35E71017E9C3C700E177E6 /* ArrayBufferView.cpp */,
				2C35E71117E9C3C700E177E6 /* ArrayBufferView.h */,
				2C35E71217E9C3C700E177E6 /* Audio.cpp */,
				2C35E71317E9C3C700E177E6 /* Audio.h */,
				2C35E71417E9C3C700E177E6 /* DataView.cpp */,
				2C35E71517E9C3C700E177E6 /* DataView.h */,
				2C35E71617E9C3C700E177E6 /* TypedArray.cpp */,
				2C35E71717E9C3C700E177E6 /* TypedArray.h */,
				2C35E71817E9C3C700E177E6 /* WebGLRenderingContext.cpp */,
				2C35E71917E9C3C700E177E6 /* WebGLRenderingContext.h */,
				2C35E71A17E9C3C700E177E6 /* XMLHttpRequest.cpp */,
				2C35E71B17E9C3C700E177E6 /* XMLHttpRequest.h */,
				2C35E71C17E9C3C700E177E6 /* fxFont.cpp */,
				2C35E71D17E9C3C700E177E6 /* fxFont.h */,
			);
			path = fxJS;
			sourceTree = "<group>";
		};
		2C35E72417E9C41200E177E6 /* Frameworks */ = {
			isa = PBXGroup;
			children = (
				2C449C4517E9F1A3007A63EF /* libfreetype.a */,
				2C449C4317E9F172007A63EF /* libTremolo.a */,
				2C449C3F17E9F0D9007A63EF /* libcurl.a */,
				2C449C3D17E9EFF2007A63EF /* libjpeg.a */,
				2C449C3917E9EDF5007A63EF /* libpng.a */,
				2C449C3B17E9EE1C007A63EF /* libz.dylib */,
				2C449C4717E9F1B7007A63EF /* libbz2.dylib */,
				2C35E79117E9D18200E177E6 /* libicucore.dylib */,
				2C35E78F17E9D14100E177E6 /* libJavaScriptCore.a */,
				2C449C4117E9F13C007A63EF /* OpenAL.framework */,
				2C35E78117E9CA4B00E177E6 /* UIKit.framework */,
				2C35E77F17E9CA1B00E177E6 /* QuartzCore.framework */,
				2C35E77D17E9C9F800E177E6 /* OpenGLES.framework */,
				2C35E77B17E9C9DB00E177E6 /* CoreGraphics.framework */,
				2C35E77917E9C95400E177E6 /* MediaPlayer.framework */,
			);
			name = Frameworks;
			sourceTree = "<group>";
		};
		2C35E74017E9C47300E177E6 /* iOS */ = {
			isa = PBXGroup;
			children = (
				2C35E74117E9C47300E177E6 /* CocoEngine */,
				2C35E74C17E9C47300E177E6 /* fxDeviceWrapper.h */,
				2C35E74D17E9C47300E177E6 /* fxDeviceWrapper.m */,
				2C35E74E17E9C47300E177E6 /* fxFile.h */,
				2C35E74F17E9C47300E177E6 /* fxGLWrap.h */,
				2C35E75017E9C47300E177E6 /* fxGLWrap.m */,
				2C35E75117E9C47300E177E6 /* fxKeyWrap.h */,
				2C35E75217E9C47300E177E6 /* fxKeyWrap.m */,
				2C35E75317E9C47300E177E6 /* main.m */,
			);
			name = iOS;
			sourceTree = "<group>";
		};
		2C35E74117E9C47300E177E6 /* CocoEngine */ = {
			isa = PBXGroup;
			children = (
				2C35E74217E9C47300E177E6 /* CocoEngine-Info.plist */,
				2C35E74317E9C47300E177E6 /* CocoEngine-Prefix.pch */,
				2C35E74417E9C47300E177E6 /* Default-568h@2x.png */,
				2C35E74517E9C47300E177E6 /* Default.png */,
				2C35E74617E9C47300E177E6 /* Default@2x.png */,
				2C35E74717E9C47300E177E6 /* InfoPlist.strings */,
			);
			path = CocoEngine;
			sourceTree = "<group>";
		};
/* End PBXGroup section */

/* Begin PBXNativeTarget section */
		2C35E72117E9C41200E177E6 /* CocoEngine */ = {
			isa = PBXNativeTarget;
			buildConfigurationList = 2C35E73D17E9C41200E177E6 /* Build configuration list for PBXNativeTarget "CocoEngine" */;
			buildPhases = (
				2C35E71E17E9C41200E177E6 /* Sources */,
				2C35E71F17E9C41200E177E6 /* Frameworks */,
				2C35E72017E9C41200E177E6 /* Resources */,
			);
			buildRules = (
			);
			dependencies = (
			);
			name = CocoEngine;
			productName = CocoEngine;
			productReference = 2C449C3617E9EBC9007A63EF /* CocoEngine.app */;
			productType = "com.apple.product-type.application";
		};
/* End PBXNativeTarget section */

/* Begin PBXProject section */
		2C35E6F017E9C39100E177E6 /* Project object */ = {
			isa = PBXProject;
			attributes = {
				LastUpgradeCheck = 0460;
			};
			buildConfigurationList = 2C35E6F317E9C39100E177E6 /* Build configuration list for PBXProject "CocoEngine" */;
			compatibilityVersion = "Xcode 3.2";
			developmentRegion = English;
			hasScannedForEncodings = 0;
			knownRegions = (
				en,
			);
			mainGroup = 2C35E6EF17E9C39100E177E6;
			productRefGroup = 2C35E6EF17E9C39100E177E6;
			projectDirPath = "";
			projectRoot = "";
			targets = (
				2C35E72117E9C41200E177E6 /* CocoEngine */,
			);
		};
/* End PBXProject section */

/* Begin PBXResourcesBuildPhase section */
		2C35E72017E9C41200E177E6 /* Resources */ = {
			isa = PBXResourcesBuildPhase;
			buildActionMask = 2147483647;
			files = (
				2CA5658B17ED4C0E00013969 /* web in Resources */,
				2C35E75517E9C47300E177E6 /* Default-568h@2x.png in Resources */,
				2C35E75617E9C47300E177E6 /* Default.png in Resources */,
				2C35E75717E9C47300E177E6 /* Default@2x.png in Resources */,
				2C35E75817E9C47300E177E6 /* InfoPlist.strings in Resources */,
			);
			runOnlyForDeploymentPostprocessing = 0;
		};
/* End PBXResourcesBuildPhase section */

/* Begin PBXSourcesBuildPhase section */
		2C35E71E17E9C41200E177E6 /* Sources */ = {
			isa = PBXSourcesBuildPhase;
			buildActionMask = 2147483647;
			files = (
				2C35E75917E9C47300E177E6 /* fxDeviceWrapper.m in Sources */,
				2C35E75A17E9C47300E177E6 /* fxGLWrap.m in Sources */,
				2C35E75B17E9C47300E177E6 /* fxKeyWrap.m in Sources */,
				2C35E75C17E9C47300E177E6 /* main.m in Sources */,
				2C35E78417E9CB3000E177E6 /* fxAudioStream.cpp in Sources */,
				2C35E78517E9CB3000E177E6 /* fxCRL.cpp in Sources */,
				2C35E78617E9CB3000E177E6 /* fxFontFace.cpp in Sources */,
				2C35E78C17E9CE3800E177E6 /* WebGLRenderingContext.cpp in Sources */,
				2C35E79317E9D53A00E177E6 /* ArrayBuffer.cpp in Sources */,
				2C35E79417E9D57800E177E6 /* ArrayBufferView.cpp in Sources */,
				2C35E79517E9D58000E177E6 /* Audio.cpp in Sources */,
				2C35E79617E9D58600E177E6 /* DataView.cpp in Sources */,
				2C35E79717E9D59100E177E6 /* TypedArray.cpp in Sources */,
				2C35E79817E9D59A00E177E6 /* XMLHttpRequest.cpp in Sources */,
				2C35E79917E9D5A400E177E6 /* fxFont.cpp in Sources */,
			);
			runOnlyForDeploymentPostprocessing = 0;
		};
/* End PBXSourcesBuildPhase section */

/* Begin PBXVariantGroup section */
		2C35E74717E9C47300E177E6 /* InfoPlist.strings */ = {
			isa = PBXVariantGroup;
			children = (
				2C35E74817E9C47300E177E6 /* en */,
			);
			name = InfoPlist.strings;
			sourceTree = "<group>";
		};
/* End PBXVariantGroup section */

/* Begin XCBuildConfiguration section */
		2C35E6F417E9C39100E177E6 /* Debug */ = {
			isa = XCBuildConfiguration;
			buildSettings = {
			};
			name = Debug;
		};
		2C35E6F517E9C39100E177E6 /* Release */ = {
			isa = XCBuildConfiguration;
			buildSettings = {
			};
			name = Release;
		};
		2C35E73E17E9C41200E177E6 /* Debug */ = {
			isa = XCBuildConfiguration;
			buildSettings = {
				ALWAYS_SEARCH_USER_PATHS = NO;
				CLANG_CXX_LANGUAGE_STANDARD = "gnu++0x";
				CLANG_CXX_LIBRARY = "libc++";
				CLANG_WARN_CONSTANT_CONVERSION = YES;
				CLANG_WARN_EMPTY_BODY = YES;
				CLANG_WARN_ENUM_CONVERSION = YES;
				CLANG_WARN_INT_CONVERSION = YES;
				CLANG_WARN__DUPLICATE_METHOD_MATCH = YES;
				"CODE_SIGN_IDENTITY[sdk=iphoneos*]" = "iPhone Developer";
				CONFIGURATION_BUILD_DIR = "$(SRCROOT)/bin/$(CONFIGURATION)$(EFFECTIVE_PLATFORM_NAME)";
				CONFIGURATION_TEMP_DIR = "$(CONFIGURATION_TEMP_DIR)";
				COPY_PHASE_STRIP = NO;
				CommonBuildFlags = "-DIOS_APPLICATION -DJAVASCRIPT_ENGINE_APPLE -DENABLE_OPENGL_SUPPORT -DENABLE_OPENAL_SUPPORT -DENABLE_FREETYPE_SUPPORT -DENABLE_PNG_SUPPORT -DENABLE_JPEG_SUPPORT -DENABLE_OGG_SUPPORT -DENABLE_CURL_SUPPORT";
				FRAMEWORK_SEARCH_PATHS = (
					"$(inherited)",
					"\"$(SYSTEM_APPS_DIR)/Xcode.app/Contents/Developer/Library/Frameworks\"",
				);
				GCC_C_LANGUAGE_STANDARD = gnu99;
				GCC_DYNAMIC_NO_PIC = NO;
				GCC_INPUT_FILETYPE = sourcecode.cpp.objcpp;
				GCC_OPTIMIZATION_LEVEL = 0;
				GCC_PRECOMPILE_PREFIX_HEADER = YES;
				GCC_PREFIX_HEADER = "CocoEngine/CocoEngine-Prefix.pch";
				GCC_PREPROCESSOR_DEFINITIONS = (
					"DEBUG=1",
					"$(inherited)",
				);
				GCC_SYMBOLS_PRIVATE_EXTERN = NO;
				GCC_WARN_ABOUT_RETURN_TYPE = YES;
				GCC_WARN_UNINITIALIZED_AUTOS = YES;
				GCC_WARN_UNUSED_VARIABLE = NO;
				HEADER_SEARCH_PATHS = ../Include;
				INFOPLIST_FILE = "CocoEngine/CocoEngine-Info.plist";
				IPHONEOS_DEPLOYMENT_TARGET = 6.1;
				LIBRARY_SEARCH_PATHS = (
					"$(inherited)",
					../Libraries/iOS,
				);
				OBJROOT = /tmp;
				ONLY_ACTIVE_ARCH = YES;
				OTHER_CFLAGS = "";
				OTHER_CPLUSPLUSFLAGS = (
					"-DENABLE_FX_DEBUG",
					"$(CommonBuildFlags)",
				);
				PRODUCT_NAME = "$(TARGET_NAME)";
				SDKROOT = iphoneos;
				SYMROOT = "$(SRCROOT)";
				TARGETED_DEVICE_FAMILY = "1,2";
				WRAPPER_EXTENSION = app;
			};
			name = Debug;
		};
		2C35E73F17E9C41200E177E6 /* Release */ = {
			isa = XCBuildConfiguration;
			buildSettings = {
				ALWAYS_SEARCH_USER_PATHS = NO;
				CLANG_CXX_LANGUAGE_STANDARD = "gnu++0x";
				CLANG_CXX_LIBRARY = "libc++";
				CLANG_WARN_CONSTANT_CONVERSION = YES;
				CLANG_WARN_EMPTY_BODY = YES;
				CLANG_WARN_ENUM_CONVERSION = YES;
				CLANG_WARN_INT_CONVERSION = YES;
				CLANG_WARN__DUPLICATE_METHOD_MATCH = YES;
				"CODE_SIGN_IDENTITY[sdk=iphoneos*]" = "iPhone Developer";
				CONFIGURATION_BUILD_DIR = "$(SRCROOT)/bin/$(CONFIGURATION)$(EFFECTIVE_PLATFORM_NAME)";
				CONFIGURATION_TEMP_DIR = "$(CONFIGURATION_TEMP_DIR)";
				COPY_PHASE_STRIP = YES;
				CommonBuildFlags = "-DIOS_APPLICATION -DJAVASCRIPT_ENGINE_APPLE -DENABLE_OPENGL_SUPPORT -DENABLE_OPENAL_SUPPORT -DENABLE_FREETYPE_SUPPORT -DENABLE_PNG_SUPPORT -DENABLE_JPEG_SUPPORT -DENABLE_OGG_SUPPORT -DENABLE_CURL_SUPPORT";
				FRAMEWORK_SEARCH_PATHS = (
					"$(inherited)",
					"\"$(SYSTEM_APPS_DIR)/Xcode.app/Contents/Developer/Library/Frameworks\"",
				);
				GCC_C_LANGUAGE_STANDARD = gnu99;
				GCC_INPUT_FILETYPE = sourcecode.cpp.objcpp;
				GCC_PRECOMPILE_PREFIX_HEADER = YES;
				GCC_PREFIX_HEADER = "CocoEngine/CocoEngine-Prefix.pch";
				GCC_WARN_ABOUT_RETURN_TYPE = YES;
				GCC_WARN_UNINITIALIZED_AUTOS = YES;
				GCC_WARN_UNUSED_VARIABLE = NO;
				HEADER_SEARCH_PATHS = ../Include;
				INFOPLIST_FILE = "CocoEngine/CocoEngine-Info.plist";
				IPHONEOS_DEPLOYMENT_TARGET = 6.1;
				LIBRARY_SEARCH_PATHS = (
					"$(inherited)",
					../Libraries/iOS,
				);
				OBJROOT = /tmp;
				OTHER_CFLAGS = "-DNS_BLOCK_ASSERTIONS=1";
				OTHER_CPLUSPLUSFLAGS = (
					"-DNS_BLOCK_ASSERTIONS=1",
					"$(CommonBuildFlags)",
				);
				PRODUCT_NAME = "$(TARGET_NAME)";
				SDKROOT = iphoneos;
				SYMROOT = "$(SRCROOT)";
				TARGETED_DEVICE_FAMILY = "1,2";
				VALIDATE_PRODUCT = YES;
				WRAPPER_EXTENSION = app;
			};
			name = Release;
		};
/* End XCBuildConfiguration section */

/* Begin XCConfigurationList section */
		2C35E6F317E9C39100E177E6 /* Build configuration list for PBXProject "CocoEngine" */ = {
			isa = XCConfigurationList;
			buildConfigurations = (
				2C35E6F417E9C39100E177E6 /* Debug */,
				2C35E6F517E9C39100E177E6 /* Release */,
			);
			defaultConfigurationIsVisible = 0;
			defaultConfigurationName = Release;
		};
		2C35E73D17E9C41200E177E6 /* Build configuration list for PBXNativeTarget "CocoEngine" */ = {
			isa = XCConfigurationList;
			buildConfigurations = (
				2C35E73E17E9C41200E177E6 /* Debug */,
				2C35E73F17E9C41200E177E6 /* Release */,
			);
			defaultConfigurationIsVisible = 0;
			defaultConfigurationName = Release;
		};
/* End XCConfigurationList section */
	};
	rootObject = 2C35E6F017E9C39100E177E6 /* Project object */;
}
