// !$*UTF8*$!
{
	archiveVersion = 1;
	classes = {
	};
	objectVersion = 46;
	objects = {

/* Begin PBXBuildFile section */
		2C35E75517E9C47300E177E6 /* Default-568h@2x.png in Resources */ = {isa = PBXBuildFile; fileRef = 2C35E74417E9C47300E177E6 /* Default-568h@2x.png */; };
		2C35E75617E9C47300E177E6 /* Default.png in Resources */ = {isa = PBXBuildFile; fileRef = 2C35E74517E9C47300E177E6 /* Default.png */; };
		2C35E75717E9C47300E177E6 /* Default@2x.png in Resources */ = {isa = PBXBuildFile; fileRef = 2C35E74617E9C47300E177E6 /* Default@2x.png */; };
		2C35E75817E9C47300E177E6 /* InfoPlist.strings in Resources */ = {isa = PBXBuildFile; fileRef = 2C35E74717E9C47300E177E6 /* InfoPlist.strings */; };
		2C35E77A17E9C95400E177E6 /* MediaPlayer.framework in Frameworks */ = {isa = PBXBuildFile; fileRef = 2C35E77917E9C95400E177E6 /* MediaPlayer.framework */; settings = {ATTRIBUTES = (Weak, ); }; };
		2C35E77E17E9C9F800E177E6 /* OpenGLES.framework in Frameworks */ = {isa = PBXBuildFile; fileRef = 2C35E77D17E9C9F800E177E6 /* OpenGLES.framework */; settings = {ATTRIBUTES = (Weak, ); }; };
		2C35E78017E9CA1B00E177E6 /* QuartzCore.framework in Frameworks */ = {isa = PBXBuildFile; fileRef = 2C35E77F17E9CA1B00E177E6 /* QuartzCore.framework */; };
		2C35E78217E9CA4B00E177E6 /* UIKit.framework in Frameworks */ = {isa = PBXBuildFile; fileRef = 2C35E78117E9CA4B00E177E6 /* UIKit.framework */; };
		2C35E79017E9D14100E177E6 /* libJavaScriptCore.a in Frameworks */ = {isa = PBXBuildFile; fileRef = 2C35E78F17E9D14100E177E6 /* libJavaScriptCore.a */; };
		2C35E79217E9D18200E177E6 /* libicucore.dylib in Frameworks */ = {isa = PBXBuildFile; fileRef = 2C35E79117E9D18200E177E6 /* libicucore.dylib */; };
		2C449C3A17E9EDF5007A63EF /* libpng.a in Frameworks */ = {isa = PBXBuildFile; fileRef = 2C449C3917E9EDF5007A63EF /* libpng.a */; settings = {ATTRIBUTES = (Weak, ); }; };
		2C449C3C17E9EE1C007A63EF /* libz.dylib in Frameworks */ = {isa = PBXBuildFile; fileRef = 2C449C3B17E9EE1C007A63EF /* libz.dylib */; settings = {ATTRIBUTES = (Weak, ); }; };
		2C449C3E17E9EFF2007A63EF /* libjpeg.a in Frameworks */ = {isa = PBXBuildFile; fileRef = 2C449C3D17E9EFF2007A63EF /* libjpeg.a */; settings = {ATTRIBUTES = (Weak, ); }; };
		2C449C4017E9F0D9007A63EF /* libcurl.a in Frameworks */ = {isa = PBXBuildFile; fileRef = 2C449C3F17E9F0D9007A63EF /* libcurl.a */; settings = {ATTRIBUTES = (Weak, ); }; };
		2C449C4217E9F13C007A63EF /* OpenAL.framework in Frameworks */ = {isa = PBXBuildFile; fileRef = 2C449C4117E9F13C007A63EF /* OpenAL.framework */; settings = {ATTRIBUTES = (Weak, ); }; };
		2C449C4417E9F172007A63EF /* libTremolo.a in Frameworks */ = {isa = PBXBuildFile; fileRef = 2C449C4317E9F172007A63EF /* libTremolo.a */; settings = {ATTRIBUTES = (Weak, ); }; };
		2C449C4617E9F1A3007A63EF /* libfreetype.a in Frameworks */ = {isa = PBXBuildFile; fileRef = 2C449C4517E9F1A3007A63EF /* libfreetype.a */; settings = {ATTRIBUTES = (Weak, ); }; };
		2C449C4817E9F1B7007A63EF /* libbz2.dylib in Frameworks */ = {isa = PBXBuildFile; fileRef = 2C449C4717E9F1B7007A63EF /* libbz2.dylib */; settings = {ATTRIBUTES = (Weak, ); }; };
		2CA5658B17ED4C0E00013969 /* web in Resources */ = {isa = PBXBuildFile; fileRef = 2CA5658A17ED4C0E00013969 /* web */; };
		8C6C6C481892737F008AAB5B /* DeviceEvent.cpp in Sources */ = {isa = PBXBuildFile; fileRef = 8C6C6C401892737F008AAB5B /* DeviceEvent.cpp */; };
		8C6C6C491892737F008AAB5B /* EventTarget.cpp in Sources */ = {isa = PBXBuildFile; fileRef = 8C6C6C421892737F008AAB5B /* EventTarget.cpp */; };
		8C6C6C4A1892737F008AAB5B /* Touch.cpp in Sources */ = {isa = PBXBuildFile; fileRef = 8C6C6C441892737F008AAB5B /* Touch.cpp */; };
		8C6C6C4B1892737F008AAB5B /* TouchList.cpp in Sources */ = {isa = PBXBuildFile; fileRef = 8C6C6C461892737F008AAB5B /* TouchList.cpp */; };
		8C6C6C4E189276E7008AAB5B /* CanvasRenderingContext2D.cpp in Sources */ = {isa = PBXBuildFile; fileRef = 8C6C6C4C189276E7008AAB5B /* CanvasRenderingContext2D.cpp */; };
		8C6C6C5118927906008AAB5B /* CocoFont.cpp in Sources */ = {isa = PBXBuildFile; fileRef = 8C6C6C4F18927906008AAB5B /* CocoFont.cpp */; };
		8C6C6C5418927D5D008AAB5B /* HTMLCanvasContext.cpp in Sources */ = {isa = PBXBuildFile; fileRef = 8C6C6C5218927D5D008AAB5B /* HTMLCanvasContext.cpp */; };
		8C6C6C5718927E4F008AAB5B /* HTMLDocument.cpp in Sources */ = {isa = PBXBuildFile; fileRef = 8C6C6C5518927E4F008AAB5B /* HTMLDocument.cpp */; };
		8C6C6C8B18927E93008AAB5B /* HTMLElement.cpp in Sources */ = {isa = PBXBuildFile; fileRef = 8C6C6C8918927E93008AAB5B /* HTMLElement.cpp */; };
		8C6C6C8E189280D1008AAB5B /* Test.cpp in Sources */ = {isa = PBXBuildFile; fileRef = 8C6C6C8C189280D1008AAB5B /* Test.cpp */; };
		8C6C6C911892821D008AAB5B /* HTMLWindow.cpp in Sources */ = {isa = PBXBuildFile; fileRef = 8C6C6C8F1892821D008AAB5B /* HTMLWindow.cpp */; };
		8CFA8C7D1890343600908FBC /* fxDeviceWrapper.m in Sources */ = {isa = PBXBuildFile; fileRef = 8CFA8C761890343600908FBC /* fxDeviceWrapper.m */; };
		8CFA8C7E1890343600908FBC /* fxGLWrap.m in Sources */ = {isa = PBXBuildFile; fileRef = 8CFA8C791890343600908FBC /* fxGLWrap.m */; };
		8CFA8C7F1890343600908FBC /* fxKeyWrap.m in Sources */ = {isa = PBXBuildFile; fileRef = 8CFA8C7B1890343600908FBC /* fxKeyWrap.m */; };
		8CFA8C801890343600908FBC /* main.m in Sources */ = {isa = PBXBuildFile; fileRef = 8CFA8C7C1890343600908FBC /* main.m */; };
		8CFA8D0F1890346D00908FBC /* fxAudioStream.cpp in Sources */ = {isa = PBXBuildFile; fileRef = 8CFA8C8F1890346D00908FBC /* fxAudioStream.cpp */; };
		8CFA8D111890346D00908FBC /* CocoAudio.cpp in Sources */ = {isa = PBXBuildFile; fileRef = 8CFA8C941890346D00908FBC /* CocoAudio.cpp */; };
		8CFA8D121890346D00908FBC /* CocoClip.cpp in Sources */ = {isa = PBXBuildFile; fileRef = 8CFA8C961890346D00908FBC /* CocoClip.cpp */; };
		8CFA8D131890346D00908FBC /* CocoEngine.cpp in Sources */ = {isa = PBXBuildFile; fileRef = 8CFA8C981890346D00908FBC /* CocoEngine.cpp */; };
		8CFA8D141890346D00908FBC /* CocoImage.cpp in Sources */ = {isa = PBXBuildFile; fileRef = 8CFA8C9A1890346D00908FBC /* CocoImage.cpp */; };
		8CFA8D151890346D00908FBC /* CocoImageSibling.cpp in Sources */ = {isa = PBXBuildFile; fileRef = 8CFA8C9C1890346D00908FBC /* CocoImageSibling.cpp */; };
		8CFA8D161890346D00908FBC /* CocoKeyFrame.cpp in Sources */ = {isa = PBXBuildFile; fileRef = 8CFA8C9E1890346D00908FBC /* CocoKeyFrame.cpp */; };
		8CFA8D171890346D00908FBC /* CocoMatrix.cpp in Sources */ = {isa = PBXBuildFile; fileRef = 8CFA8CA01890346D00908FBC /* CocoMatrix.cpp */; };
		8CFA8D181890346D00908FBC /* CocoRect.cpp in Sources */ = {isa = PBXBuildFile; fileRef = 8CFA8CA21890346D00908FBC /* CocoRect.cpp */; };
		8CFA8D191890346D00908FBC /* CocoScene.cpp in Sources */ = {isa = PBXBuildFile; fileRef = 8CFA8CA41890346D00908FBC /* CocoScene.cpp */; };
		8CFA8D1A1890346D00908FBC /* CocoSequence.cpp in Sources */ = {isa = PBXBuildFile; fileRef = 8CFA8CA61890346D00908FBC /* CocoSequence.cpp */; };
		8CFA8D1B1890346D00908FBC /* CocoSound.cpp in Sources */ = {isa = PBXBuildFile; fileRef = 8CFA8CA81890346D00908FBC /* CocoSound.cpp */; };
		8CFA8D1C1890346D00908FBC /* CocoTimeLabel.cpp in Sources */ = {isa = PBXBuildFile; fileRef = 8CFA8CAA1890346D00908FBC /* CocoTimeLabel.cpp */; };
		8CFA8D1D1890346D00908FBC /* CocoTimeline.cpp in Sources */ = {isa = PBXBuildFile; fileRef = 8CFA8CAC1890346D00908FBC /* CocoTimeline.cpp */; };
		8CFA8D1E1890346D00908FBC /* CocoVector.cpp in Sources */ = {isa = PBXBuildFile; fileRef = 8CFA8CAE1890346D00908FBC /* CocoVector.cpp */; };
		8CFA8D1F1890346D00908FBC /* CocoSprite.cpp in Sources */ = {isa = PBXBuildFile; fileRef = 8CFA8CB21890346D00908FBC /* CocoSprite.cpp */; };
		8CFA8D201890346D00908FBC /* CocoSpriteActor.cpp in Sources */ = {isa = PBXBuildFile; fileRef = 8CFA8CB41890346D00908FBC /* CocoSpriteActor.cpp */; };
		8CFA8D211890346D00908FBC /* CocoSpriteBonus.cpp in Sources */ = {isa = PBXBuildFile; fileRef = 8CFA8CB61890346D00908FBC /* CocoSpriteBonus.cpp */; };
		8CFA8D221890346D00908FBC /* CocoSpriteBullet.cpp in Sources */ = {isa = PBXBuildFile; fileRef = 8CFA8CB81890346D00908FBC /* CocoSpriteBullet.cpp */; };
		8CFA8D231890346D00908FBC /* CocoSpriteEnemy.cpp in Sources */ = {isa = PBXBuildFile; fileRef = 8CFA8CBA1890346D00908FBC /* CocoSpriteEnemy.cpp */; };
		8CFA8D241890346D00908FBC /* CocoSpritePlayer.cpp in Sources */ = {isa = PBXBuildFile; fileRef = 8CFA8CBC1890346D00908FBC /* CocoSpritePlayer.cpp */; };
		8CFA8D251890346D00908FBC /* CocoSpriteVisual.cpp in Sources */ = {isa = PBXBuildFile; fileRef = 8CFA8CBE1890346D00908FBC /* CocoSpriteVisual.cpp */; };
		8CFA8D261890346D00908FBC /* CocoTiledLayer.cpp in Sources */ = {isa = PBXBuildFile; fileRef = 8CFA8CC01890346D00908FBC /* CocoTiledLayer.cpp */; };
		8CFA8D341890346D00908FBC /* fxFontFace.cpp in Sources */ = {isa = PBXBuildFile; fileRef = 8CFA8CDE1890346D00908FBC /* fxFontFace.cpp */; };
		8CFA8D411890346D00908FBC /* GameEngine.cpp in Sources */ = {isa = PBXBuildFile; fileRef = 8CFA8CFB1890346D00908FBC /* GameEngine.cpp */; };
		8CFA8D59189034E200908FBC /* ArrayBuffer.cpp in Sources */ = {isa = PBXBuildFile; fileRef = 8CFA8D49189034E200908FBC /* ArrayBuffer.cpp */; };
		8CFA8D5A189034E200908FBC /* ArrayBufferView.cpp in Sources */ = {isa = PBXBuildFile; fileRef = 8CFA8D4B189034E200908FBC /* ArrayBufferView.cpp */; };
		8CFA8D5B189034E200908FBC /* HTMLCanvasElement.cpp in Sources */ = {isa = PBXBuildFile; fileRef = 8CFA8D4D189034E200908FBC /* HTMLCanvasElement.cpp */; };
		8CFA8D5C189034E200908FBC /* HTMLEvent.cpp in Sources */ = {isa = PBXBuildFile; fileRef = 8CFA8D4F189034E200908FBC /* HTMLEvent.cpp */; };
		8CFA8D5D189034E200908FBC /* HTMLImageElement.cpp in Sources */ = {isa = PBXBuildFile; fileRef = 8CFA8D51189034E200908FBC /* HTMLImageElement.cpp */; };
		8CFA8D5E189034E200908FBC /* TypedArray.cpp in Sources */ = {isa = PBXBuildFile; fileRef = 8CFA8D53189034E200908FBC /* TypedArray.cpp */; };
		8CFA8D5F189034E200908FBC /* WebGLRenderingContext.cpp in Sources */ = {isa = PBXBuildFile; fileRef = 8CFA8D55189034E200908FBC /* WebGLRenderingContext.cpp */; };
		8CFA8D631890355000908FBC /* HTMLAudioElement.cpp in Sources */ = {isa = PBXBuildFile; fileRef = 8CFA8D611890355000908FBC /* HTMLAudioElement.cpp */; };
		C323C814183C9490005CDC05 /* CoreGraphics.framework in Frameworks */ = {isa = PBXBuildFile; fileRef = C323C813183C9490005CDC05 /* CoreGraphics.framework */; };
/* End PBXBuildFile section */

/* Begin PBXFileReference section */
		2C35E74217E9C47300E177E6 /* CocoEngine-Info.plist */ = {isa = PBXFileReference; fileEncoding = 4; lastKnownFileType = text.plist.xml; path = "CocoEngine-Info.plist"; sourceTree = "<group>"; };
		2C35E74317E9C47300E177E6 /* CocoEngine-Prefix.pch */ = {isa = PBXFileReference; fileEncoding = 4; lastKnownFileType = sourcecode.c.h; path = "CocoEngine-Prefix.pch"; sourceTree = "<group>"; };
		2C35E74417E9C47300E177E6 /* Default-568h@2x.png */ = {isa = PBXFileReference; lastKnownFileType = image.png; path = "Default-568h@2x.png"; sourceTree = "<group>"; };
		2C35E74517E9C47300E177E6 /* Default.png */ = {isa = PBXFileReference; lastKnownFileType = image.png; path = Default.png; sourceTree = "<group>"; };
		2C35E74617E9C47300E177E6 /* Default@2x.png */ = {isa = PBXFileReference; lastKnownFileType = image.png; path = "Default@2x.png"; sourceTree = "<group>"; };
		2C35E74817E9C47300E177E6 /* en */ = {isa = PBXFileReference; lastKnownFileType = text.plist.strings; name = en; path = en.lproj/InfoPlist.strings; sourceTree = "<group>"; };
		2C35E77917E9C95400E177E6 /* MediaPlayer.framework */ = {isa = PBXFileReference; lastKnownFileType = wrapper.framework; name = MediaPlayer.framework; path = Platforms/iPhoneOS.platform/Developer/SDKs/iPhoneOS6.1.sdk/System/Library/Frameworks/MediaPlayer.framework; sourceTree = DEVELOPER_DIR; };
		2C35E77B17E9C9DB00E177E6 /* CoreGraphics.framework */ = {isa = PBXFileReference; lastKnownFileType = wrapper.framework; name = CoreGraphics.framework; path = Platforms/iPhoneOS.platform/Developer/SDKs/iPhoneOS6.1.sdk/System/Library/Frameworks/CoreGraphics.framework; sourceTree = DEVELOPER_DIR; };
		2C35E77D17E9C9F800E177E6 /* OpenGLES.framework */ = {isa = PBXFileReference; lastKnownFileType = wrapper.framework; name = OpenGLES.framework; path = Platforms/iPhoneOS.platform/Developer/SDKs/iPhoneOS6.1.sdk/System/Library/Frameworks/OpenGLES.framework; sourceTree = DEVELOPER_DIR; };
		2C35E77F17E9CA1B00E177E6 /* QuartzCore.framework */ = {isa = PBXFileReference; lastKnownFileType = wrapper.framework; name = QuartzCore.framework; path = Platforms/iPhoneOS.platform/Developer/SDKs/iPhoneOS6.1.sdk/System/Library/Frameworks/QuartzCore.framework; sourceTree = DEVELOPER_DIR; };
		2C35E78117E9CA4B00E177E6 /* UIKit.framework */ = {isa = PBXFileReference; lastKnownFileType = wrapper.framework; name = UIKit.framework; path = Platforms/iPhoneOS.platform/Developer/SDKs/iPhoneOS6.1.sdk/System/Library/Frameworks/UIKit.framework; sourceTree = DEVELOPER_DIR; };
		2C35E78F17E9D14100E177E6 /* libJavaScriptCore.a */ = {isa = PBXFileReference; lastKnownFileType = archive.ar; name = libJavaScriptCore.a; path = ../../Libraries/iOS/libJavaScriptCore.a; sourceTree = "<group>"; };
		2C35E79117E9D18200E177E6 /* libicucore.dylib */ = {isa = PBXFileReference; lastKnownFileType = "compiled.mach-o.dylib"; name = libicucore.dylib; path = Platforms/iPhoneOS.platform/Developer/SDKs/iPhoneOS6.1.sdk/usr/lib/libicucore.dylib; sourceTree = DEVELOPER_DIR; };
		2C449C3917E9EDF5007A63EF /* libpng.a */ = {isa = PBXFileReference; lastKnownFileType = archive.ar; name = libpng.a; path = ../../Libraries/iOS/libpng.a; sourceTree = "<group>"; };
		2C449C3B17E9EE1C007A63EF /* libz.dylib */ = {isa = PBXFileReference; lastKnownFileType = "compiled.mach-o.dylib"; name = libz.dylib; path = Platforms/iPhoneOS.platform/Developer/SDKs/iPhoneOS6.1.sdk/usr/lib/libz.dylib; sourceTree = DEVELOPER_DIR; };
		2C449C3D17E9EFF2007A63EF /* libjpeg.a */ = {isa = PBXFileReference; lastKnownFileType = archive.ar; name = libjpeg.a; path = ../../Libraries/iOS/libjpeg.a; sourceTree = "<group>"; };
		2C449C3F17E9F0D9007A63EF /* libcurl.a */ = {isa = PBXFileReference; lastKnownFileType = archive.ar; name = libcurl.a; path = ../../Libraries/iOS/libcurl.a; sourceTree = "<group>"; };
		2C449C4117E9F13C007A63EF /* OpenAL.framework */ = {isa = PBXFileReference; lastKnownFileType = wrapper.framework; name = OpenAL.framework; path = Platforms/iPhoneOS.platform/Developer/SDKs/iPhoneOS6.1.sdk/System/Library/Frameworks/OpenAL.framework; sourceTree = DEVELOPER_DIR; };
		2C449C4317E9F172007A63EF /* libTremolo.a */ = {isa = PBXFileReference; lastKnownFileType = archive.ar; name = libTremolo.a; path = ../../Libraries/iOS/libTremolo.a; sourceTree = "<group>"; };
		2C449C4517E9F1A3007A63EF /* libfreetype.a */ = {isa = PBXFileReference; lastKnownFileType = archive.ar; name = libfreetype.a; path = ../../Libraries/iOS/libfreetype.a; sourceTree = "<group>"; };
		2C449C4717E9F1B7007A63EF /* libbz2.dylib */ = {isa = PBXFileReference; lastKnownFileType = "compiled.mach-o.dylib"; name = libbz2.dylib; path = Platforms/iPhoneOS.platform/Developer/SDKs/iPhoneOS6.1.sdk/usr/lib/libbz2.dylib; sourceTree = DEVELOPER_DIR; };
		2CA5658A17ED4C0E00013969 /* web */ = {isa = PBXFileReference; lastKnownFileType = folder; name = web; path = ../../web; sourceTree = "<group>"; };
		8C6C6C401892737F008AAB5B /* DeviceEvent.cpp */ = {isa = PBXFileReference; fileEncoding = 4; lastKnownFileType = sourcecode.cpp.cpp; path = DeviceEvent.cpp; sourceTree = "<group>"; };
		8C6C6C411892737F008AAB5B /* DeviceEvent.hpp */ = {isa = PBXFileReference; fileEncoding = 4; lastKnownFileType = sourcecode.cpp.h; path = DeviceEvent.hpp; sourceTree = "<group>"; };
		8C6C6C421892737F008AAB5B /* EventTarget.cpp */ = {isa = PBXFileReference; fileEncoding = 4; lastKnownFileType = sourcecode.cpp.cpp; path = EventTarget.cpp; sourceTree = "<group>"; };
		8C6C6C431892737F008AAB5B /* EventTarget.hpp */ = {isa = PBXFileReference; fileEncoding = 4; lastKnownFileType = sourcecode.cpp.h; path = EventTarget.hpp; sourceTree = "<group>"; };
		8C6C6C441892737F008AAB5B /* Touch.cpp */ = {isa = PBXFileReference; fileEncoding = 4; lastKnownFileType = sourcecode.cpp.cpp; path = Touch.cpp; sourceTree = "<group>"; };
		8C6C6C451892737F008AAB5B /* Touch.hpp */ = {isa = PBXFileReference; fileEncoding = 4; lastKnownFileType = sourcecode.cpp.h; path = Touch.hpp; sourceTree = "<group>"; };
		8C6C6C461892737F008AAB5B /* TouchList.cpp */ = {isa = PBXFileReference; fileEncoding = 4; lastKnownFileType = sourcecode.cpp.cpp; path = TouchList.cpp; sourceTree = "<group>"; };
		8C6C6C471892737F008AAB5B /* TouchList.hpp */ = {isa = PBXFileReference; fileEncoding = 4; lastKnownFileType = sourcecode.cpp.h; path = TouchList.hpp; sourceTree = "<group>"; };
		8C6C6C4C189276E7008AAB5B /* CanvasRenderingContext2D.cpp */ = {isa = PBXFileReference; fileEncoding = 4; lastKnownFileType = sourcecode.cpp.cpp; path = CanvasRenderingContext2D.cpp; sourceTree = "<group>"; };
		8C6C6C4D189276E7008AAB5B /* CanvasRenderingContext2D.hpp */ = {isa = PBXFileReference; fileEncoding = 4; lastKnownFileType = sourcecode.cpp.h; path = CanvasRenderingContext2D.hpp; sourceTree = "<group>"; };
		8C6C6C4F18927906008AAB5B /* CocoFont.cpp */ = {isa = PBXFileReference; fileEncoding = 4; lastKnownFileType = sourcecode.cpp.cpp; path = CocoFont.cpp; sourceTree = "<group>"; };
		8C6C6C5018927906008AAB5B /* CocoFont.hpp */ = {isa = PBXFileReference; fileEncoding = 4; lastKnownFileType = sourcecode.cpp.h; path = CocoFont.hpp; sourceTree = "<group>"; };
		8C6C6C5218927D5D008AAB5B /* HTMLCanvasContext.cpp */ = {isa = PBXFileReference; fileEncoding = 4; lastKnownFileType = sourcecode.cpp.cpp; path = HTMLCanvasContext.cpp; sourceTree = "<group>"; };
		8C6C6C5318927D5D008AAB5B /* HTMLCanvasContext.hpp */ = {isa = PBXFileReference; fileEncoding = 4; lastKnownFileType = sourcecode.cpp.h; path = HTMLCanvasContext.hpp; sourceTree = "<group>"; };
		8C6C6C5518927E4F008AAB5B /* HTMLDocument.cpp */ = {isa = PBXFileReference; fileEncoding = 4; lastKnownFileType = sourcecode.cpp.cpp; path = HTMLDocument.cpp; sourceTree = "<group>"; };
		8C6C6C5618927E4F008AAB5B /* HTMLDocument.hpp */ = {isa = PBXFileReference; fileEncoding = 4; lastKnownFileType = sourcecode.cpp.h; path = HTMLDocument.hpp; sourceTree = "<group>"; };
		8C6C6C8918927E93008AAB5B /* HTMLElement.cpp */ = {isa = PBXFileReference; fileEncoding = 4; lastKnownFileType = sourcecode.cpp.cpp; path = HTMLElement.cpp; sourceTree = "<group>"; };
		8C6C6C8A18927E93008AAB5B /* HTMLElement.hpp */ = {isa = PBXFileReference; fileEncoding = 4; lastKnownFileType = sourcecode.cpp.h; path = HTMLElement.hpp; sourceTree = "<group>"; };
		8C6C6C8C189280D1008AAB5B /* Test.cpp */ = {isa = PBXFileReference; fileEncoding = 4; lastKnownFileType = sourcecode.cpp.cpp; path = Test.cpp; sourceTree = "<group>"; };
		8C6C6C8D189280D1008AAB5B /* Test.hpp */ = {isa = PBXFileReference; fileEncoding = 4; lastKnownFileType = sourcecode.cpp.h; path = Test.hpp; sourceTree = "<group>"; };
		8C6C6C8F1892821D008AAB5B /* HTMLWindow.cpp */ = {isa = PBXFileReference; fileEncoding = 4; lastKnownFileType = sourcecode.cpp.cpp; path = HTMLWindow.cpp; sourceTree = "<group>"; };
		8C6C6C901892821D008AAB5B /* HTMLWindow.hpp */ = {isa = PBXFileReference; fileEncoding = 4; lastKnownFileType = sourcecode.cpp.h; path = HTMLWindow.hpp; sourceTree = "<group>"; };
		8CFA8C751890343600908FBC /* fxDeviceWrapper.h */ = {isa = PBXFileReference; fileEncoding = 4; lastKnownFileType = sourcecode.c.h; path = fxDeviceWrapper.h; sourceTree = "<group>"; };
		8CFA8C761890343600908FBC /* fxDeviceWrapper.m */ = {isa = PBXFileReference; fileEncoding = 4; lastKnownFileType = sourcecode.c.objc; path = fxDeviceWrapper.m; sourceTree = "<group>"; };
		8CFA8C771890343600908FBC /* fxFile.h */ = {isa = PBXFileReference; fileEncoding = 4; lastKnownFileType = sourcecode.c.h; path = fxFile.h; sourceTree = "<group>"; };
		8CFA8C781890343600908FBC /* fxGLWrap.h */ = {isa = PBXFileReference; fileEncoding = 4; lastKnownFileType = sourcecode.c.h; path = fxGLWrap.h; sourceTree = "<group>"; };
		8CFA8C791890343600908FBC /* fxGLWrap.m */ = {isa = PBXFileReference; fileEncoding = 4; lastKnownFileType = sourcecode.c.objc; path = fxGLWrap.m; sourceTree = "<group>"; };
		8CFA8C7A1890343600908FBC /* fxKeyWrap.h */ = {isa = PBXFileReference; fileEncoding = 4; lastKnownFileType = sourcecode.c.h; path = fxKeyWrap.h; sourceTree = "<group>"; };
		8CFA8C7B1890343600908FBC /* fxKeyWrap.m */ = {isa = PBXFileReference; fileEncoding = 4; lastKnownFileType = sourcecode.c.objc; path = fxKeyWrap.m; sourceTree = "<group>"; };
		8CFA8C7C1890343600908FBC /* main.m */ = {isa = PBXFileReference; fileEncoding = 4; lastKnownFileType = sourcecode.c.objc; path = main.m; sourceTree = "<group>"; };
		8CFA8C8F1890346D00908FBC /* fxAudioStream.cpp */ = {isa = PBXFileReference; fileEncoding = 4; lastKnownFileType = sourcecode.cpp.cpp; path = fxAudioStream.cpp; sourceTree = "<group>"; };
		8CFA8C901890346D00908FBC /* fxAudioStream.h */ = {isa = PBXFileReference; fileEncoding = 4; lastKnownFileType = sourcecode.c.h; path = fxAudioStream.h; sourceTree = "<group>"; };
		8CFA8C941890346D00908FBC /* CocoAudio.cpp */ = {isa = PBXFileReference; fileEncoding = 4; lastKnownFileType = sourcecode.cpp.cpp; path = CocoAudio.cpp; sourceTree = "<group>"; };
		8CFA8C951890346D00908FBC /* CocoAudio.hpp */ = {isa = PBXFileReference; fileEncoding = 4; lastKnownFileType = sourcecode.cpp.h; path = CocoAudio.hpp; sourceTree = "<group>"; };
		8CFA8C961890346D00908FBC /* CocoClip.cpp */ = {isa = PBXFileReference; fileEncoding = 4; lastKnownFileType = sourcecode.cpp.cpp; path = CocoClip.cpp; sourceTree = "<group>"; };
		8CFA8C971890346D00908FBC /* CocoClip.hpp */ = {isa = PBXFileReference; fileEncoding = 4; lastKnownFileType = sourcecode.cpp.h; path = CocoClip.hpp; sourceTree = "<group>"; };
		8CFA8C981890346D00908FBC /* CocoEngine.cpp */ = {isa = PBXFileReference; fileEncoding = 4; lastKnownFileType = sourcecode.cpp.cpp; path = CocoEngine.cpp; sourceTree = "<group>"; };
		8CFA8C991890346D00908FBC /* CocoEngine.hpp */ = {isa = PBXFileReference; fileEncoding = 4; lastKnownFileType = sourcecode.cpp.h; path = CocoEngine.hpp; sourceTree = "<group>"; };
		8CFA8C9A1890346D00908FBC /* CocoImage.cpp */ = {isa = PBXFileReference; fileEncoding = 4; lastKnownFileType = sourcecode.cpp.cpp; path = CocoImage.cpp; sourceTree = "<group>"; };
		8CFA8C9B1890346D00908FBC /* CocoImage.hpp */ = {isa = PBXFileReference; fileEncoding = 4; lastKnownFileType = sourcecode.cpp.h; path = CocoImage.hpp; sourceTree = "<group>"; };
		8CFA8C9C1890346D00908FBC /* CocoImageSibling.cpp */ = {isa = PBXFileReference; fileEncoding = 4; lastKnownFileType = sourcecode.cpp.cpp; path = CocoImageSibling.cpp; sourceTree = "<group>"; };
		8CFA8C9D1890346D00908FBC /* CocoImageSibling.hpp */ = {isa = PBXFileReference; fileEncoding = 4; lastKnownFileType = sourcecode.cpp.h; path = CocoImageSibling.hpp; sourceTree = "<group>"; };
		8CFA8C9E1890346D00908FBC /* CocoKeyFrame.cpp */ = {isa = PBXFileReference; fileEncoding = 4; lastKnownFileType = sourcecode.cpp.cpp; path = CocoKeyFrame.cpp; sourceTree = "<group>"; };
		8CFA8C9F1890346D00908FBC /* CocoKeyFrame.hpp */ = {isa = PBXFileReference; fileEncoding = 4; lastKnownFileType = sourcecode.cpp.h; path = CocoKeyFrame.hpp; sourceTree = "<group>"; };
		8CFA8CA01890346D00908FBC /* CocoMatrix.cpp */ = {isa = PBXFileReference; fileEncoding = 4; lastKnownFileType = sourcecode.cpp.cpp; path = CocoMatrix.cpp; sourceTree = "<group>"; };
		8CFA8CA11890346D00908FBC /* CocoMatrix.hpp */ = {isa = PBXFileReference; fileEncoding = 4; lastKnownFileType = sourcecode.cpp.h; path = CocoMatrix.hpp; sourceTree = "<group>"; };
		8CFA8CA21890346D00908FBC /* CocoRect.cpp */ = {isa = PBXFileReference; fileEncoding = 4; lastKnownFileType = sourcecode.cpp.cpp; path = CocoRect.cpp; sourceTree = "<group>"; };
		8CFA8CA31890346D00908FBC /* CocoRect.hpp */ = {isa = PBXFileReference; fileEncoding = 4; lastKnownFileType = sourcecode.cpp.h; path = CocoRect.hpp; sourceTree = "<group>"; };
		8CFA8CA41890346D00908FBC /* CocoScene.cpp */ = {isa = PBXFileReference; fileEncoding = 4; lastKnownFileType = sourcecode.cpp.cpp; path = CocoScene.cpp; sourceTree = "<group>"; };
		8CFA8CA51890346D00908FBC /* CocoScene.hpp */ = {isa = PBXFileReference; fileEncoding = 4; lastKnownFileType = sourcecode.cpp.h; path = CocoScene.hpp; sourceTree = "<group>"; };
		8CFA8CA61890346D00908FBC /* CocoSequence.cpp */ = {isa = PBXFileReference; fileEncoding = 4; lastKnownFileType = sourcecode.cpp.cpp; path = CocoSequence.cpp; sourceTree = "<group>"; };
		8CFA8CA71890346D00908FBC /* CocoSequence.hpp */ = {isa = PBXFileReference; fileEncoding = 4; lastKnownFileType = sourcecode.cpp.h; path = CocoSequence.hpp; sourceTree = "<group>"; };
		8CFA8CA81890346D00908FBC /* CocoSound.cpp */ = {isa = PBXFileReference; fileEncoding = 4; lastKnownFileType = sourcecode.cpp.cpp; path = CocoSound.cpp; sourceTree = "<group>"; };
		8CFA8CA91890346D00908FBC /* CocoSound.hpp */ = {isa = PBXFileReference; fileEncoding = 4; lastKnownFileType = sourcecode.cpp.h; path = CocoSound.hpp; sourceTree = "<group>"; };
		8CFA8CAA1890346D00908FBC /* CocoTimeLabel.cpp */ = {isa = PBXFileReference; fileEncoding = 4; lastKnownFileType = sourcecode.cpp.cpp; path = CocoTimeLabel.cpp; sourceTree = "<group>"; };
		8CFA8CAB1890346D00908FBC /* CocoTimeLabel.hpp */ = {isa = PBXFileReference; fileEncoding = 4; lastKnownFileType = sourcecode.cpp.h; path = CocoTimeLabel.hpp; sourceTree = "<group>"; };
		8CFA8CAC1890346D00908FBC /* CocoTimeline.cpp */ = {isa = PBXFileReference; fileEncoding = 4; lastKnownFileType = sourcecode.cpp.cpp; path = CocoTimeline.cpp; sourceTree = "<group>"; };
		8CFA8CAD1890346D00908FBC /* CocoTimeline.hpp */ = {isa = PBXFileReference; fileEncoding = 4; lastKnownFileType = sourcecode.cpp.h; path = CocoTimeline.hpp; sourceTree = "<group>"; };
		8CFA8CAE1890346D00908FBC /* CocoVector.cpp */ = {isa = PBXFileReference; fileEncoding = 4; lastKnownFileType = sourcecode.cpp.cpp; path = CocoVector.cpp; sourceTree = "<group>"; };
		8CFA8CAF1890346D00908FBC /* CocoVector.hpp */ = {isa = PBXFileReference; fileEncoding = 4; lastKnownFileType = sourcecode.cpp.h; path = CocoVector.hpp; sourceTree = "<group>"; };
		8CFA8CB01890346D00908FBC /* Coconut2D.hpp */ = {isa = PBXFileReference; fileEncoding = 4; lastKnownFileType = sourcecode.cpp.h; path = Coconut2D.hpp; sourceTree = "<group>"; };
		8CFA8CB21890346D00908FBC /* CocoSprite.cpp */ = {isa = PBXFileReference; fileEncoding = 4; lastKnownFileType = sourcecode.cpp.cpp; path = CocoSprite.cpp; sourceTree = "<group>"; };
		8CFA8CB31890346D00908FBC /* CocoSprite.hpp */ = {isa = PBXFileReference; fileEncoding = 4; lastKnownFileType = sourcecode.cpp.h; path = CocoSprite.hpp; sourceTree = "<group>"; };
		8CFA8CB41890346D00908FBC /* CocoSpriteActor.cpp */ = {isa = PBXFileReference; fileEncoding = 4; lastKnownFileType = sourcecode.cpp.cpp; path = CocoSpriteActor.cpp; sourceTree = "<group>"; };
		8CFA8CB51890346D00908FBC /* CocoSpriteActor.hpp */ = {isa = PBXFileReference; fileEncoding = 4; lastKnownFileType = sourcecode.cpp.h; path = CocoSpriteActor.hpp; sourceTree = "<group>"; };
		8CFA8CB61890346D00908FBC /* CocoSpriteBonus.cpp */ = {isa = PBXFileReference; fileEncoding = 4; lastKnownFileType = sourcecode.cpp.cpp; path = CocoSpriteBonus.cpp; sourceTree = "<group>"; };
		8CFA8CB71890346D00908FBC /* CocoSpriteBonus.hpp */ = {isa = PBXFileReference; fileEncoding = 4; lastKnownFileType = sourcecode.cpp.h; path = CocoSpriteBonus.hpp; sourceTree = "<group>"; };
		8CFA8CB81890346D00908FBC /* CocoSpriteBullet.cpp */ = {isa = PBXFileReference; fileEncoding = 4; lastKnownFileType = sourcecode.cpp.cpp; path = CocoSpriteBullet.cpp; sourceTree = "<group>"; };
		8CFA8CB91890346D00908FBC /* CocoSpriteBullet.hpp */ = {isa = PBXFileReference; fileEncoding = 4; lastKnownFileType = sourcecode.cpp.h; path = CocoSpriteBullet.hpp; sourceTree = "<group>"; };
		8CFA8CBA1890346D00908FBC /* CocoSpriteEnemy.cpp */ = {isa = PBXFileReference; fileEncoding = 4; lastKnownFileType = sourcecode.cpp.cpp; path = CocoSpriteEnemy.cpp; sourceTree = "<group>"; };
		8CFA8CBB1890346D00908FBC /* CocoSpriteEnemy.hpp */ = {isa = PBXFileReference; fileEncoding = 4; lastKnownFileType = sourcecode.cpp.h; path = CocoSpriteEnemy.hpp; sourceTree = "<group>"; };
		8CFA8CBC1890346D00908FBC /* CocoSpritePlayer.cpp */ = {isa = PBXFileReference; fileEncoding = 4; lastKnownFileType = sourcecode.cpp.cpp; path = CocoSpritePlayer.cpp; sourceTree = "<group>"; };
		8CFA8CBD1890346D00908FBC /* CocoSpritePlayer.hpp */ = {isa = PBXFileReference; fileEncoding = 4; lastKnownFileType = sourcecode.cpp.h; path = CocoSpritePlayer.hpp; sourceTree = "<group>"; };
		8CFA8CBE1890346D00908FBC /* CocoSpriteVisual.cpp */ = {isa = PBXFileReference; fileEncoding = 4; lastKnownFileType = sourcecode.cpp.cpp; path = CocoSpriteVisual.cpp; sourceTree = "<group>"; };
		8CFA8CBF1890346D00908FBC /* CocoSpriteVisual.hpp */ = {isa = PBXFileReference; fileEncoding = 4; lastKnownFileType = sourcecode.cpp.h; path = CocoSpriteVisual.hpp; sourceTree = "<group>"; };
		8CFA8CC01890346D00908FBC /* CocoTiledLayer.cpp */ = {isa = PBXFileReference; fileEncoding = 4; lastKnownFileType = sourcecode.cpp.cpp; path = CocoTiledLayer.cpp; sourceTree = "<group>"; };
		8CFA8CC11890346D00908FBC /* CocoTiledLayer.hpp */ = {isa = PBXFileReference; fileEncoding = 4; lastKnownFileType = sourcecode.cpp.h; path = CocoTiledLayer.hpp; sourceTree = "<group>"; };
		8CFA8CDA1890346D00908FBC /* Common.h */ = {isa = PBXFileReference; fileEncoding = 4; lastKnownFileType = sourcecode.c.h; path = Common.h; sourceTree = "<group>"; };
		8CFA8CDE1890346D00908FBC /* fxFontFace.cpp */ = {isa = PBXFileReference; fileEncoding = 4; lastKnownFileType = sourcecode.cpp.cpp; path = fxFontFace.cpp; sourceTree = "<group>"; };
		8CFA8CDF1890346D00908FBC /* fxFontFace.h */ = {isa = PBXFileReference; fileEncoding = 4; lastKnownFileType = sourcecode.c.h; path = fxFontFace.h; sourceTree = "<group>"; };
		8CFA8CE11890346D00908FBC /* fxArgs.h */ = {isa = PBXFileReference; fileEncoding = 4; lastKnownFileType = sourcecode.c.h; path = fxArgs.h; sourceTree = "<group>"; };
		8CFA8CE81890346D00908FBC /* Structs.h */ = {isa = PBXFileReference; fileEncoding = 4; lastKnownFileType = sourcecode.c.h; path = Structs.h; sourceTree = "<group>"; };
		8CFA8CFB1890346D00908FBC /* GameEngine.cpp */ = {isa = PBXFileReference; fileEncoding = 4; lastKnownFileType = sourcecode.cpp.cpp; path = GameEngine.cpp; sourceTree = "<group>"; };
		8CFA8CFC1890346D00908FBC /* GameEngine.hpp */ = {isa = PBXFileReference; fileEncoding = 4; lastKnownFileType = sourcecode.cpp.h; path = GameEngine.hpp; sourceTree = "<group>"; };
		8CFA8D49189034E200908FBC /* ArrayBuffer.cpp */ = {isa = PBXFileReference; fileEncoding = 4; lastKnownFileType = sourcecode.cpp.cpp; path = ArrayBuffer.cpp; sourceTree = "<group>"; };
		8CFA8D4A189034E200908FBC /* ArrayBuffer.hpp */ = {isa = PBXFileReference; fileEncoding = 4; lastKnownFileType = sourcecode.cpp.h; path = ArrayBuffer.hpp; sourceTree = "<group>"; };
		8CFA8D4B189034E200908FBC /* ArrayBufferView.cpp */ = {isa = PBXFileReference; fileEncoding = 4; lastKnownFileType = sourcecode.cpp.cpp; path = ArrayBufferView.cpp; sourceTree = "<group>"; };
		8CFA8D4C189034E200908FBC /* ArrayBufferView.hpp */ = {isa = PBXFileReference; fileEncoding = 4; lastKnownFileType = sourcecode.cpp.h; path = ArrayBufferView.hpp; sourceTree = "<group>"; };
		8CFA8D4D189034E200908FBC /* HTMLCanvasElement.cpp */ = {isa = PBXFileReference; fileEncoding = 4; lastKnownFileType = sourcecode.cpp.cpp; path = HTMLCanvasElement.cpp; sourceTree = "<group>"; };
		8CFA8D4E189034E200908FBC /* HTMLCanvasElement.hpp */ = {isa = PBXFileReference; fileEncoding = 4; lastKnownFileType = sourcecode.cpp.h; path = HTMLCanvasElement.hpp; sourceTree = "<group>"; };
		8CFA8D4F189034E200908FBC /* HTMLEvent.cpp */ = {isa = PBXFileReference; fileEncoding = 4; lastKnownFileType = sourcecode.cpp.cpp; path = HTMLEvent.cpp; sourceTree = "<group>"; };
		8CFA8D50189034E200908FBC /* HTMLEvent.hpp */ = {isa = PBXFileReference; fileEncoding = 4; lastKnownFileType = sourcecode.cpp.h; path = HTMLEvent.hpp; sourceTree = "<group>"; };
		8CFA8D51189034E200908FBC /* HTMLImageElement.cpp */ = {isa = PBXFileReference; fileEncoding = 4; lastKnownFileType = sourcecode.cpp.cpp; path = HTMLImageElement.cpp; sourceTree = "<group>"; };
		8CFA8D52189034E200908FBC /* HTMLImageElement.hpp */ = {isa = PBXFileReference; fileEncoding = 4; lastKnownFileType = sourcecode.cpp.h; path = HTMLImageElement.hpp; sourceTree = "<group>"; };
		8CFA8D53189034E200908FBC /* TypedArray.cpp */ = {isa = PBXFileReference; fileEncoding = 4; lastKnownFileType = sourcecode.cpp.cpp; path = TypedArray.cpp; sourceTree = "<group>"; };
		8CFA8D54189034E200908FBC /* TypedArray.hpp */ = {isa = PBXFileReference; fileEncoding = 4; lastKnownFileType = sourcecode.cpp.h; path = TypedArray.hpp; sourceTree = "<group>"; };
		8CFA8D55189034E200908FBC /* WebGLRenderingContext.cpp */ = {isa = PBXFileReference; fileEncoding = 4; lastKnownFileType = sourcecode.cpp.cpp; path = WebGLRenderingContext.cpp; sourceTree = "<group>"; };
		8CFA8D56189034E200908FBC /* WebGLRenderingContext.hpp */ = {isa = PBXFileReference; fileEncoding = 4; lastKnownFileType = sourcecode.cpp.h; path = WebGLRenderingContext.hpp; sourceTree = "<group>"; };
		8CFA8D611890355000908FBC /* HTMLAudioElement.cpp */ = {isa = PBXFileReference; fileEncoding = 4; lastKnownFileType = sourcecode.cpp.cpp; path = HTMLAudioElement.cpp; sourceTree = "<group>"; };
		8CFA8D621890355000908FBC /* HTMLAudioElement.hpp */ = {isa = PBXFileReference; fileEncoding = 4; lastKnownFileType = sourcecode.cpp.h; path = HTMLAudioElement.hpp; sourceTree = "<group>"; };
		C31C141518391AC300E1D55B /* CocoEngine.app */ = {isa = PBXFileReference; explicitFileType = wrapper.application; includeInIndex = 0; path = CocoEngine.app; sourceTree = BUILT_PRODUCTS_DIR; };
		C323C813183C9490005CDC05 /* CoreGraphics.framework */ = {isa = PBXFileReference; lastKnownFileType = wrapper.framework; name = CoreGraphics.framework; path = System/Library/Frameworks/CoreGraphics.framework; sourceTree = SDKROOT; };
/* End PBXFileReference section */

/* Begin PBXFrameworksBuildPhase section */
		2C35E71F17E9C41200E177E6 /* Frameworks */ = {
			isa = PBXFrameworksBuildPhase;
			buildActionMask = 2147483647;
			files = (
				C323C814183C9490005CDC05 /* CoreGraphics.framework in Frameworks */,
				2C449C4817E9F1B7007A63EF /* libbz2.dylib in Frameworks */,
				2C449C4617E9F1A3007A63EF /* libfreetype.a in Frameworks */,
				2C449C4417E9F172007A63EF /* libTremolo.a in Frameworks */,
				2C449C4217E9F13C007A63EF /* OpenAL.framework in Frameworks */,
				2C449C4017E9F0D9007A63EF /* libcurl.a in Frameworks */,
				2C449C3E17E9EFF2007A63EF /* libjpeg.a in Frameworks */,
				2C449C3C17E9EE1C007A63EF /* libz.dylib in Frameworks */,
				2C449C3A17E9EDF5007A63EF /* libpng.a in Frameworks */,
				2C35E79217E9D18200E177E6 /* libicucore.dylib in Frameworks */,
				2C35E79017E9D14100E177E6 /* libJavaScriptCore.a in Frameworks */,
				2C35E77E17E9C9F800E177E6 /* OpenGLES.framework in Frameworks */,
				2C35E77A17E9C95400E177E6 /* MediaPlayer.framework in Frameworks */,
				2C35E78217E9CA4B00E177E6 /* UIKit.framework in Frameworks */,
				2C35E78017E9CA1B00E177E6 /* QuartzCore.framework in Frameworks */,
			);
			runOnlyForDeploymentPostprocessing = 0;
		};
/* End PBXFrameworksBuildPhase section */

/* Begin PBXGroup section */
		2C35E6EF17E9C39100E177E6 = {
			isa = PBXGroup;
			children = (
				2CA5658A17ED4C0E00013969 /* web */,
				8CFA8C811890346D00908FBC /* Common */,
				2C35E74017E9C47300E177E6 /* iOS */,
				2C35E72417E9C41200E177E6 /* Frameworks */,
				C31C141518391AC300E1D55B /* CocoEngine.app */,
			);
			sourceTree = "<group>";
			usesTabs = 1;
			wrapsLines = 0;
		};
		2C35E72417E9C41200E177E6 /* Frameworks */ = {
			isa = PBXGroup;
			children = (
				C323C813183C9490005CDC05 /* CoreGraphics.framework */,
				2C449C4517E9F1A3007A63EF /* libfreetype.a */,
				2C449C4317E9F172007A63EF /* libTremolo.a */,
				2C449C3F17E9F0D9007A63EF /* libcurl.a */,
				2C449C3D17E9EFF2007A63EF /* libjpeg.a */,
				2C449C3917E9EDF5007A63EF /* libpng.a */,
				2C449C3B17E9EE1C007A63EF /* libz.dylib */,
				2C449C4717E9F1B7007A63EF /* libbz2.dylib */,
				2C35E79117E9D18200E177E6 /* libicucore.dylib */,
				2C35E78F17E9D14100E177E6 /* libJavaScriptCore.a */,
				2C449C4117E9F13C007A63EF /* OpenAL.framework */,
				2C35E78117E9CA4B00E177E6 /* UIKit.framework */,
				2C35E77F17E9CA1B00E177E6 /* QuartzCore.framework */,
				2C35E77D17E9C9F800E177E6 /* OpenGLES.framework */,
				2C35E77B17E9C9DB00E177E6 /* CoreGraphics.framework */,
				2C35E77917E9C95400E177E6 /* MediaPlayer.framework */,
			);
			name = Frameworks;
			sourceTree = "<group>";
		};
		2C35E74017E9C47300E177E6 /* iOS */ = {
			isa = PBXGroup;
			children = (
				8CFA8C741890343600908FBC /* src */,
				2C35E74117E9C47300E177E6 /* CocoEngine */,
			);
			name = iOS;
			sourceTree = "<group>";
		};
		2C35E74117E9C47300E177E6 /* CocoEngine */ = {
			isa = PBXGroup;
			children = (
				2C35E74217E9C47300E177E6 /* CocoEngine-Info.plist */,
				2C35E74317E9C47300E177E6 /* CocoEngine-Prefix.pch */,
				2C35E74417E9C47300E177E6 /* Default-568h@2x.png */,
				2C35E74517E9C47300E177E6 /* Default.png */,
				2C35E74617E9C47300E177E6 /* Default@2x.png */,
				2C35E74717E9C47300E177E6 /* InfoPlist.strings */,
			);
			path = CocoEngine;
			sourceTree = "<group>";
		};
		8CFA8C741890343600908FBC /* src */ = {
			isa = PBXGroup;
			children = (
				8CFA8C751890343600908FBC /* fxDeviceWrapper.h */,
				8CFA8C761890343600908FBC /* fxDeviceWrapper.m */,
				8CFA8C771890343600908FBC /* fxFile.h */,
				8CFA8C781890343600908FBC /* fxGLWrap.h */,
				8CFA8C791890343600908FBC /* fxGLWrap.m */,
				8CFA8C7A1890343600908FBC /* fxKeyWrap.h */,
				8CFA8C7B1890343600908FBC /* fxKeyWrap.m */,
				8CFA8C7C1890343600908FBC /* main.m */,
			);
			path = src;
			sourceTree = "<group>";
		};
		8CFA8C811890346D00908FBC /* Common */ = {
			isa = PBXGroup;
			children = (
				8CFA8D48189034E200908FBC /* HTML5 */,
				8CFA8C8C1890346D00908FBC /* Audio_API */,
				8CFA8C921890346D00908FBC /* Coconut2D */,
				8CFA8CDA1890346D00908FBC /* Common.h */,
				8CFA8CDB1890346D00908FBC /* Fonts_API */,
				8CFA8CE11890346D00908FBC /* fxArgs.h */,
				8CFA8CE81890346D00908FBC /* Structs.h */,
				8CFA8CE91890346D00908FBC /* usr */,
			);
			name = Common;
			path = ../Common;
			sourceTree = "<group>";
		};
		8CFA8C8C1890346D00908FBC /* Audio_API */ = {
			isa = PBXGroup;
			children = (
				8CFA8C8F1890346D00908FBC /* fxAudioStream.cpp */,
				8CFA8C901890346D00908FBC /* fxAudioStream.h */,
			);
			path = Audio_API;
			sourceTree = "<group>";
		};
		8CFA8C921890346D00908FBC /* Coconut2D */ = {
			isa = PBXGroup;
			children = (
				8CFA8C931890346D00908FBC /* anim */,
				8CFA8CB01890346D00908FBC /* Coconut2D.hpp */,
				8CFA8CB11890346D00908FBC /* game */,
			);
			path = Coconut2D;
			sourceTree = "<group>";
		};
		8CFA8C931890346D00908FBC /* anim */ = {
			isa = PBXGroup;
			children = (
				8CFA8C941890346D00908FBC /* CocoAudio.cpp */,
				8CFA8C951890346D00908FBC /* CocoAudio.hpp */,
				8CFA8C961890346D00908FBC /* CocoClip.cpp */,
				8CFA8C971890346D00908FBC /* CocoClip.hpp */,
				8CFA8C981890346D00908FBC /* CocoEngine.cpp */,
				8CFA8C991890346D00908FBC /* CocoEngine.hpp */,
				8CFA8C9A1890346D00908FBC /* CocoImage.cpp */,
				8CFA8C9B1890346D00908FBC /* CocoImage.hpp */,
				8CFA8C9C1890346D00908FBC /* CocoImageSibling.cpp */,
				8CFA8C9D1890346D00908FBC /* CocoImageSibling.hpp */,
				8CFA8C9E1890346D00908FBC /* CocoKeyFrame.cpp */,
				8CFA8C9F1890346D00908FBC /* CocoKeyFrame.hpp */,
				8CFA8CA01890346D00908FBC /* CocoMatrix.cpp */,
				8CFA8CA11890346D00908FBC /* CocoMatrix.hpp */,
				8CFA8CA21890346D00908FBC /* CocoRect.cpp */,
				8CFA8CA31890346D00908FBC /* CocoRect.hpp */,
				8CFA8CA41890346D00908FBC /* CocoScene.cpp */,
				8CFA8CA51890346D00908FBC /* CocoScene.hpp */,
				8CFA8CA61890346D00908FBC /* CocoSequence.cpp */,
				8CFA8CA71890346D00908FBC /* CocoSequence.hpp */,
				8CFA8CA81890346D00908FBC /* CocoSound.cpp */,
				8CFA8CA91890346D00908FBC /* CocoSound.hpp */,
				8CFA8CAA1890346D00908FBC /* CocoTimeLabel.cpp */,
				8CFA8CAB1890346D00908FBC /* CocoTimeLabel.hpp */,
				8CFA8CAC1890346D00908FBC /* CocoTimeline.cpp */,
				8CFA8CAD1890346D00908FBC /* CocoTimeline.hpp */,
				8CFA8CAE1890346D00908FBC /* CocoVector.cpp */,
				8CFA8CAF1890346D00908FBC /* CocoVector.hpp */,
			);
			path = anim;
			sourceTree = "<group>";
		};
		8CFA8CB11890346D00908FBC /* game */ = {
			isa = PBXGroup;
			children = (
				8CFA8CB21890346D00908FBC /* CocoSprite.cpp */,
				8CFA8CB31890346D00908FBC /* CocoSprite.hpp */,
				8CFA8CB41890346D00908FBC /* CocoSpriteActor.cpp */,
				8CFA8CB51890346D00908FBC /* CocoSpriteActor.hpp */,
				8CFA8CB61890346D00908FBC /* CocoSpriteBonus.cpp */,
				8CFA8CB71890346D00908FBC /* CocoSpriteBonus.hpp */,
				8CFA8CB81890346D00908FBC /* CocoSpriteBullet.cpp */,
				8CFA8CB91890346D00908FBC /* CocoSpriteBullet.hpp */,
				8CFA8CBA1890346D00908FBC /* CocoSpriteEnemy.cpp */,
				8CFA8CBB1890346D00908FBC /* CocoSpriteEnemy.hpp */,
				8CFA8CBC1890346D00908FBC /* CocoSpritePlayer.cpp */,
				8CFA8CBD1890346D00908FBC /* CocoSpritePlayer.hpp */,
				8CFA8CBE1890346D00908FBC /* CocoSpriteVisual.cpp */,
				8CFA8CBF1890346D00908FBC /* CocoSpriteVisual.hpp */,
				8CFA8CC01890346D00908FBC /* CocoTiledLayer.cpp */,
				8CFA8CC11890346D00908FBC /* CocoTiledLayer.hpp */,
			);
			path = game;
			sourceTree = "<group>";
		};
		8CFA8CDB1890346D00908FBC /* Fonts_API */ = {
			isa = PBXGroup;
			children = (
				8CFA8CDE1890346D00908FBC /* fxFontFace.cpp */,
				8CFA8CDF1890346D00908FBC /* fxFontFace.h */,
				8C6C6C4F18927906008AAB5B /* CocoFont.cpp */,
				8C6C6C5018927906008AAB5B /* CocoFont.hpp */,
			);
			path = Fonts_API;
			sourceTree = "<group>";
		};
		8CFA8CE91890346D00908FBC /* usr */ = {
			isa = PBXGroup;
			children = (
				8CFA8CEA1890346D00908FBC /* animations */,
				8CFA8CFB1890346D00908FBC /* GameEngine.cpp */,
				8CFA8CFC1890346D00908FBC /* GameEngine.hpp */,
			);
			path = usr;
			sourceTree = "<group>";
		};
		8CFA8CEA1890346D00908FBC /* animations */ = {
			isa = PBXGroup;
			children = (
				8C6C6C8C189280D1008AAB5B /* Test.cpp */,
				8C6C6C8D189280D1008AAB5B /* Test.hpp */,
			);
			path = animations;
			sourceTree = "<group>";
		};
		8CFA8D48189034E200908FBC /* HTML5 */ = {
			isa = PBXGroup;
			children = (
				8C6C6C8F1892821D008AAB5B /* HTMLWindow.cpp */,
				8C6C6C901892821D008AAB5B /* HTMLWindow.hpp */,
				8C6C6C8918927E93008AAB5B /* HTMLElement.cpp */,
				8C6C6C8A18927E93008AAB5B /* HTMLElement.hpp */,
				8C6C6C5518927E4F008AAB5B /* HTMLDocument.cpp */,
				8C6C6C5618927E4F008AAB5B /* HTMLDocument.hpp */,
				8C6C6C5218927D5D008AAB5B /* HTMLCanvasContext.cpp */,
				8C6C6C5318927D5D008AAB5B /* HTMLCanvasContext.hpp */,
				8C6C6C401892737F008AAB5B /* DeviceEvent.cpp */,
				8C6C6C411892737F008AAB5B /* DeviceEvent.hpp */,
				8C6C6C421892737F008AAB5B /* EventTarget.cpp */,
				8C6C6C431892737F008AAB5B /* EventTarget.hpp */,
				8C6C6C441892737F008AAB5B /* Touch.cpp */,
				8C6C6C451892737F008AAB5B /* Touch.hpp */,
				8C6C6C461892737F008AAB5B /* TouchList.cpp */,
				8C6C6C471892737F008AAB5B /* TouchList.hpp */,
				8CFA8D49189034E200908FBC /* ArrayBuffer.cpp */,
				8CFA8D4A189034E200908FBC /* ArrayBuffer.hpp */,
				8CFA8D4B189034E200908FBC /* ArrayBufferView.cpp */,
				8CFA8D4C189034E200908FBC /* ArrayBufferView.hpp */,
				8CFA8D4D189034E200908FBC /* HTMLCanvasElement.cpp */,
				8CFA8D4E189034E200908FBC /* HTMLCanvasElement.hpp */,
				8C6C6C4C189276E7008AAB5B /* CanvasRenderingContext2D.cpp */,
				8C6C6C4D189276E7008AAB5B /* CanvasRenderingContext2D.hpp */,
				8CFA8D4F189034E200908FBC /* HTMLEvent.cpp */,
				8CFA8D50189034E200908FBC /* HTMLEvent.hpp */,
				8CFA8D51189034E200908FBC /* HTMLImageElement.cpp */,
				8CFA8D52189034E200908FBC /* HTMLImageElement.hpp */,
				8CFA8D53189034E200908FBC /* TypedArray.cpp */,
				8CFA8D54189034E200908FBC /* TypedArray.hpp */,
				8CFA8D55189034E200908FBC /* WebGLRenderingContext.cpp */,
				8CFA8D56189034E200908FBC /* WebGLRenderingContext.hpp */,
				8CFA8D611890355000908FBC /* HTMLAudioElement.cpp */,
				8CFA8D621890355000908FBC /* HTMLAudioElement.hpp */,
			);
			path = HTML5;
			sourceTree = "<group>";
		};
/* End PBXGroup section */

/* Begin PBXNativeTarget section */
		2C35E72117E9C41200E177E6 /* CocoEngine */ = {
			isa = PBXNativeTarget;
			buildConfigurationList = 2C35E73D17E9C41200E177E6 /* Build configuration list for PBXNativeTarget "CocoEngine" */;
			buildPhases = (
				2C35E71E17E9C41200E177E6 /* Sources */,
				2C35E71F17E9C41200E177E6 /* Frameworks */,
				2C35E72017E9C41200E177E6 /* Resources */,
			);
			buildRules = (
			);
			dependencies = (
			);
			name = CocoEngine;
			productName = CocoEngine;
			productReference = C31C141518391AC300E1D55B /* CocoEngine.app */;
			productType = "com.apple.product-type.application";
		};
/* End PBXNativeTarget section */

/* Begin PBXProject section */
		2C35E6F017E9C39100E177E6 /* Project object */ = {
			isa = PBXProject;
			attributes = {
				LastUpgradeCheck = 0500;
				TargetAttributes = {
					2C35E72117E9C41200E177E6 = {
						DevelopmentTeam = ST9XP4938Z;
					};
				};
			};
			buildConfigurationList = 2C35E6F317E9C39100E177E6 /* Build configuration list for PBXProject "CocoEngine" */;
			compatibilityVersion = "Xcode 3.2";
			developmentRegion = English;
			hasScannedForEncodings = 0;
			knownRegions = (
				en,
			);
			mainGroup = 2C35E6EF17E9C39100E177E6;
			productRefGroup = 2C35E6EF17E9C39100E177E6;
			projectDirPath = "";
			projectRoot = "";
			targets = (
				2C35E72117E9C41200E177E6 /* CocoEngine */,
			);
		};
/* End PBXProject section */

/* Begin PBXResourcesBuildPhase section */
		2C35E72017E9C41200E177E6 /* Resources */ = {
			isa = PBXResourcesBuildPhase;
			buildActionMask = 2147483647;
			files = (
				2CA5658B17ED4C0E00013969 /* web in Resources */,
				2C35E75517E9C47300E177E6 /* Default-568h@2x.png in Resources */,
				2C35E75617E9C47300E177E6 /* Default.png in Resources */,
				2C35E75717E9C47300E177E6 /* Default@2x.png in Resources */,
				2C35E75817E9C47300E177E6 /* InfoPlist.strings in Resources */,
			);
			runOnlyForDeploymentPostprocessing = 0;
		};
/* End PBXResourcesBuildPhase section */

/* Begin PBXSourcesBuildPhase section */
		2C35E71E17E9C41200E177E6 /* Sources */ = {
			isa = PBXSourcesBuildPhase;
			buildActionMask = 2147483647;
			files = (
				8C6C6C4E189276E7008AAB5B /* CanvasRenderingContext2D.cpp in Sources */,
				8CFA8D111890346D00908FBC /* CocoAudio.cpp in Sources */,
				8CFA8D59189034E200908FBC /* ArrayBuffer.cpp in Sources */,
				8C6C6C5418927D5D008AAB5B /* HTMLCanvasContext.cpp in Sources */,
				8CFA8D211890346D00908FBC /* CocoSpriteBonus.cpp in Sources */,
				8CFA8D5E189034E200908FBC /* TypedArray.cpp in Sources */,
				8CFA8D341890346D00908FBC /* fxFontFace.cpp in Sources */,
				8CFA8C7F1890343600908FBC /* fxKeyWrap.m in Sources */,
				8C6C6C491892737F008AAB5B /* EventTarget.cpp in Sources */,
				8C6C6C8E189280D1008AAB5B /* Test.cpp in Sources */,
				8CFA8D221890346D00908FBC /* CocoSpriteBullet.cpp in Sources */,
				8CFA8D1F1890346D00908FBC /* CocoSprite.cpp in Sources */,
				8CFA8D1D1890346D00908FBC /* CocoTimeline.cpp in Sources */,
				8CFA8D631890355000908FBC /* HTMLAudioElement.cpp in Sources */,
				8C6C6C8B18927E93008AAB5B /* HTMLElement.cpp in Sources */,
				8CFA8D5D189034E200908FBC /* HTMLImageElement.cpp in Sources */,
				8CFA8D5F189034E200908FBC /* WebGLRenderingContext.cpp in Sources */,
				8CFA8C801890343600908FBC /* main.m in Sources */,
				8CFA8D121890346D00908FBC /* CocoClip.cpp in Sources */,
				8CFA8D201890346D00908FBC /* CocoSpriteActor.cpp in Sources */,
				8CFA8D251890346D00908FBC /* CocoSpriteVisual.cpp in Sources */,
				8CFA8D0F1890346D00908FBC /* fxAudioStream.cpp in Sources */,
				8C6C6C481892737F008AAB5B /* DeviceEvent.cpp in Sources */,
				8CFA8D171890346D00908FBC /* CocoMatrix.cpp in Sources */,
				8CFA8D141890346D00908FBC /* CocoImage.cpp in Sources */,
				8CFA8D1C1890346D00908FBC /* CocoTimeLabel.cpp in Sources */,
				8C6C6C5118927906008AAB5B /* CocoFont.cpp in Sources */,
				8CFA8D5B189034E200908FBC /* HTMLCanvasElement.cpp in Sources */,
				8C6C6C4A1892737F008AAB5B /* Touch.cpp in Sources */,
				8C6C6C4B1892737F008AAB5B /* TouchList.cpp in Sources */,
				8C6C6C911892821D008AAB5B /* HTMLWindow.cpp in Sources */,
				8CFA8D191890346D00908FBC /* CocoScene.cpp in Sources */,
				8CFA8D151890346D00908FBC /* CocoImageSibling.cpp in Sources */,
				8CFA8D161890346D00908FBC /* CocoKeyFrame.cpp in Sources */,
				8CFA8D181890346D00908FBC /* CocoRect.cpp in Sources */,
				8C6C6C5718927E4F008AAB5B /* HTMLDocument.cpp in Sources */,
				8CFA8C7E1890343600908FBC /* fxGLWrap.m in Sources */,
				8CFA8D411890346D00908FBC /* GameEngine.cpp in Sources */,
				8CFA8D1A1890346D00908FBC /* CocoSequence.cpp in Sources */,
				8CFA8D261890346D00908FBC /* CocoTiledLayer.cpp in Sources */,
				8CFA8D1B1890346D00908FBC /* CocoSound.cpp in Sources */,
				8CFA8D5C189034E200908FBC /* HTMLEvent.cpp in Sources */,
				8CFA8D131890346D00908FBC /* CocoEngine.cpp in Sources */,
				8CFA8D5A189034E200908FBC /* ArrayBufferView.cpp in Sources */,
				8CFA8D241890346D00908FBC /* CocoSpritePlayer.cpp in Sources */,
				8CFA8C7D1890343600908FBC /* fxDeviceWrapper.m in Sources */,
				8CFA8D231890346D00908FBC /* CocoSpriteEnemy.cpp in Sources */,
				8CFA8D1E1890346D00908FBC /* CocoVector.cpp in Sources */,
			);
			runOnlyForDeploymentPostprocessing = 0;
		};
/* End PBXSourcesBuildPhase section */

/* Begin PBXVariantGroup section */
		2C35E74717E9C47300E177E6 /* InfoPlist.strings */ = {
			isa = PBXVariantGroup;
			children = (
				2C35E74817E9C47300E177E6 /* en */,
			);
			name = InfoPlist.strings;
			sourceTree = "<group>";
		};
/* End PBXVariantGroup section */

/* Begin XCBuildConfiguration section */
		2C35E6F417E9C39100E177E6 /* Debug */ = {
			isa = XCBuildConfiguration;
			buildSettings = {
				ARCHS = "$(ARCHS_STANDARD_INCLUDING_64_BIT)";
				IPHONEOS_DEPLOYMENT_TARGET = 5.1;
				ONLY_ACTIVE_ARCH = NO;
				SDKROOT = iphoneos;
				SUPPORTED_PLATFORMS = "iphonesimulator iphoneos";
				VALID_ARCHS = armv7;
			};
			name = Debug;
		};
		2C35E6F517E9C39100E177E6 /* Release */ = {
			isa = XCBuildConfiguration;
			buildSettings = {
				ARCHS = "$(ARCHS_STANDARD_INCLUDING_64_BIT)";
				IPHONEOS_DEPLOYMENT_TARGET = 5.1;
				ONLY_ACTIVE_ARCH = NO;
				SDKROOT = iphoneos;
				SUPPORTED_PLATFORMS = "iphonesimulator iphoneos";
				VALID_ARCHS = armv7;
			};
			name = Release;
		};
		2C35E73E17E9C41200E177E6 /* Debug */ = {
			isa = XCBuildConfiguration;
			buildSettings = {
				ALWAYS_SEARCH_USER_PATHS = NO;
				ARCHS = "$(ARCHS_STANDARD_INCLUDING_64_BIT)";
				CLANG_CXX_LANGUAGE_STANDARD = "gnu++0x";
				CLANG_CXX_LIBRARY = "libc++";
				CLANG_WARN_CONSTANT_CONVERSION = YES;
				CLANG_WARN_EMPTY_BODY = YES;
				CLANG_WARN_ENUM_CONVERSION = YES;
				CLANG_WARN_INT_CONVERSION = YES;
				CLANG_WARN__DUPLICATE_METHOD_MATCH = YES;
				CODE_SIGN_IDENTITY = "iPhone Developer";
				"CODE_SIGN_IDENTITY[sdk=iphoneos*]" = "iPhone Developer";
				COMPRESS_PNG_FILES = NO;
				CONFIGURATION_BUILD_DIR = "$(SRCROOT)/bin/$(CONFIGURATION)$(EFFECTIVE_PLATFORM_NAME)";
				CONFIGURATION_TEMP_DIR = "$(CONFIGURATION_TEMP_DIR)";
				COPY_PHASE_STRIP = NO;
				CommonBuildFlags = "-DIOS_APPLICATION -DJAVASCRIPT_ENGINE_APPLE -DENABLE_OPENGL_SUPPORT -DENABLE_OPENAL_SUPPORT -DENABLE_FREETYPE_SUPPORT -DENABLE_PNG_SUPPORT -DENABLE_JPEG_SUPPORT -DENABLE_OGG_SUPPORT -DENABLE_CURL_SUPPORT";
				FRAMEWORK_SEARCH_PATHS = (
					"$(inherited)",
					"\"$(SYSTEM_APPS_DIR)/Xcode.app/Contents/Developer/Library/Frameworks\"",
				);
				GCC_C_LANGUAGE_STANDARD = gnu99;
				GCC_DYNAMIC_NO_PIC = NO;
				GCC_INPUT_FILETYPE = sourcecode.cpp.objcpp;
				GCC_OPTIMIZATION_LEVEL = 0;
				GCC_PRECOMPILE_PREFIX_HEADER = YES;
				GCC_PREFIX_HEADER = "CocoEngine/CocoEngine-Prefix.pch";
				GCC_PREPROCESSOR_DEFINITIONS = (
					"DEBUG=1",
					"$(inherited)",
				);
				GCC_SYMBOLS_PRIVATE_EXTERN = NO;
				GCC_WARN_ABOUT_RETURN_TYPE = YES;
				GCC_WARN_UNINITIALIZED_AUTOS = YES;
				GCC_WARN_UNUSED_VARIABLE = NO;
				HEADER_SEARCH_PATHS = (
					../Include,
					"../Common/**",
				);
				INFOPLIST_FILE = "CocoEngine/CocoEngine-Info.plist";
				IPHONEOS_DEPLOYMENT_TARGET = 5.1.1;
				LIBRARY_SEARCH_PATHS = (
					"$(inherited)",
					../Libraries/iOS,
				);
				OBJROOT = /tmp;
				ONLY_ACTIVE_ARCH = NO;
				OTHER_CFLAGS = "";
				OTHER_CPLUSPLUSFLAGS = (
					"-DENABLE_FX_DEBUG",
					"$(CommonBuildFlags)",
				);
				PRODUCT_NAME = "$(TARGET_NAME)";
				SDKROOT = iphoneos;
				STRINGS_FILE_OUTPUT_ENCODING = "UTF-8";
				SYMROOT = "$(SRCROOT)";
				TARGETED_DEVICE_FAMILY = "1,2";
				VALID_ARCHS = armv7;
				WRAPPER_EXTENSION = app;
			};
			name = Debug;
		};
		2C35E73F17E9C41200E177E6 /* Release */ = {
			isa = XCBuildConfiguration;
			buildSettings = {
				ALWAYS_SEARCH_USER_PATHS = NO;
				ARCHS = "$(ARCHS_STANDARD_INCLUDING_64_BIT)";
				CLANG_CXX_LANGUAGE_STANDARD = "gnu++0x";
				CLANG_CXX_LIBRARY = "libc++";
				CLANG_WARN_CONSTANT_CONVERSION = YES;
				CLANG_WARN_EMPTY_BODY = YES;
				CLANG_WARN_ENUM_CONVERSION = YES;
				CLANG_WARN_INT_CONVERSION = YES;
				CLANG_WARN__DUPLICATE_METHOD_MATCH = YES;
				CODE_SIGN_IDENTITY = "iPhone Developer";
				"CODE_SIGN_IDENTITY[sdk=iphoneos*]" = "iPhone Developer";
				COMPRESS_PNG_FILES = NO;
				CONFIGURATION_BUILD_DIR = "$(SRCROOT)/bin/$(CONFIGURATION)$(EFFECTIVE_PLATFORM_NAME)";
				CONFIGURATION_TEMP_DIR = "$(CONFIGURATION_TEMP_DIR)";
				COPY_PHASE_STRIP = YES;
				CommonBuildFlags = "-DIOS_APPLICATION -DJAVASCRIPT_ENGINE_APPLE -DENABLE_OPENGL_SUPPORT -DENABLE_OPENAL_SUPPORT -DENABLE_FREETYPE_SUPPORT -DENABLE_PNG_SUPPORT -DENABLE_JPEG_SUPPORT -DENABLE_OGG_SUPPORT -DENABLE_CURL_SUPPORT";
				FRAMEWORK_SEARCH_PATHS = (
					"$(inherited)",
					"\"$(SYSTEM_APPS_DIR)/Xcode.app/Contents/Developer/Library/Frameworks\"",
				);
				GCC_C_LANGUAGE_STANDARD = gnu99;
				GCC_GENERATE_DEBUGGING_SYMBOLS = NO;
				GCC_INPUT_FILETYPE = sourcecode.cpp.objcpp;
				GCC_OPTIMIZATION_LEVEL = fast;
				GCC_PRECOMPILE_PREFIX_HEADER = YES;
				GCC_PREFIX_HEADER = "CocoEngine/CocoEngine-Prefix.pch";
				GCC_WARN_ABOUT_RETURN_TYPE = YES;
				GCC_WARN_UNINITIALIZED_AUTOS = YES;
				GCC_WARN_UNUSED_VARIABLE = NO;
				HEADER_SEARCH_PATHS = (
					../Include,
					"../Common/**",
				);
				INFOPLIST_FILE = "CocoEngine/CocoEngine-Info.plist";
				IPHONEOS_DEPLOYMENT_TARGET = 5.1.1;
				LIBRARY_SEARCH_PATHS = (
					"$(inherited)",
					../Libraries/iOS,
				);
				LLVM_LTO = YES;
				OBJROOT = /tmp;
				ONLY_ACTIVE_ARCH = NO;
				OTHER_CFLAGS = "-DNS_BLOCK_ASSERTIONS=1";
				OTHER_CPLUSPLUSFLAGS = (
					"-DNS_BLOCK_ASSERTIONS=1",
					"$(CommonBuildFlags)",
				);
				PRODUCT_NAME = "$(TARGET_NAME)";
				SDKROOT = iphoneos;
				STRINGS_FILE_OUTPUT_ENCODING = "UTF-8";
				SYMROOT = "$(SRCROOT)";
				TARGETED_DEVICE_FAMILY = "1,2";
				VALIDATE_PRODUCT = YES;
				VALID_ARCHS = armv7;
				WRAPPER_EXTENSION = app;
			};
			name = Release;
		};
/* End XCBuildConfiguration section */

/* Begin XCConfigurationList section */
		2C35E6F317E9C39100E177E6 /* Build configuration list for PBXProject "CocoEngine" */ = {
			isa = XCConfigurationList;
			buildConfigurations = (
				2C35E6F417E9C39100E177E6 /* Debug */,
				2C35E6F517E9C39100E177E6 /* Release */,
			);
			defaultConfigurationIsVisible = 0;
			defaultConfigurationName = Release;
		};
		2C35E73D17E9C41200E177E6 /* Build configuration list for PBXNativeTarget "CocoEngine" */ = {
			isa = XCConfigurationList;
			buildConfigurations = (
				2C35E73E17E9C41200E177E6 /* Debug */,
				2C35E73F17E9C41200E177E6 /* Release */,
			);
			defaultConfigurationIsVisible = 0;
			defaultConfigurationName = Release;
		};
/* End XCConfigurationList section */
	};
	rootObject = 2C35E6F017E9C39100E177E6 /* Project object */;
}
